
Microsoft Visual Studio Solution File, Format Version 12.00
# Visual Studio 15
Project("{FAE04EC0-301F-11D3-BF4B-00C04F79EFBC}") = "VRC.ClientSim", "VRC.ClientSim.csproj", "{B42B963F-D3D5-99BA-455A-F677FC606C98}"
EndProject
Project("{FAE04EC0-301F-11D3-BF4B-00C04F79EFBC}") = "Assembly-CSharp", "Assembly-CSharp.csproj", "{FAB6E287-C985-4E21-70B3-561160B5156B}"
EndProject
Project("{FAE04EC0-301F-11D3-BF4B-00C04F79EFBC}") = "VRC.Udon.Serialization.OdinSerializer", "VRC.Udon.Serialization.OdinSerializer.csproj", "{DD1CB099-283B-F71E-29A3-93E979D56BAC}"
EndProject
Project("{FAE04EC0-301F-11D3-BF4B-00C04F79EFBC}") = "BakeryEditorAssembly", "BakeryEditorAssembly.csproj", "{1D502B77-8491-098C-F0B6-23EA149668A1}"
EndProject
Project("{FAE04EC0-301F-11D3-BF4B-00C04F79EFBC}") = "UdonSharp.Editor", "UdonSharp.Editor.csproj", "{EABE3E8A-202C-4E9B-F380-35D21B43243A}"
EndProject
Project("{FAE04EC0-301F-11D3-BF4B-00C04F79EFBC}") = "VRC.Udon.Editor", "VRC.Udon.Editor.csproj", "{B9E87647-F61A-A5BF-F82F-DCF0F7781B89}"
EndProject
Project("{FAE04EC0-301F-11D3-BF4B-00C04F79EFBC}") = "VRC.SDKBase.Editor", "VRC.SDKBase.Editor.csproj", "{BEAB5A65-2FBE-FCF0-5487-88F23F6608A7}"
EndProject
Project("{FAE04EC0-301F-11D3-BF4B-00C04F79EFBC}") = "VRC.Udon", "VRC.Udon.csproj", "{4D635E65-563D-A44F-F997-17CAAE8F5F86}"
EndProject
Project("{FAE04EC0-301F-11D3-BF4B-00C04F79EFBC}") = "UniTask", "UniTask.csproj", "{076B726C-D86D-E18F-530B-E050E48FF065}"
EndProject
Project("{FAE04EC0-301F-11D3-BF4B-00C04F79EFBC}") = "UniTask.Linq", "UniTask.Linq.csproj", "{EDB16CBA-F47E-7189-90DC-E9668C8EAC1F}"
EndProject
Project("{FAE04EC0-301F-11D3-BF4B-00C04F79EFBC}") = "JLChnToZ.VVMW.Editor", "JLChnToZ.VVMW.Editor.csproj", "{75B07869-78A7-80BD-797A-8A1588DA72D1}"
EndProject
Project("{FAE04EC0-301F-11D3-BF4B-00C04F79EFBC}") = "VRC.SDKBase", "VRC.SDKBase.csproj", "{D3D2525A-C25B-FC97-6272-C2B7BFEC3E93}"
EndProject
Project("{FAE04EC0-301F-11D3-BF4B-00C04F79EFBC}") = "JLChnToZ.VRC.Foundation", "JLChnToZ.VRC.Foundation.csproj", "{D48899B6-7FC1-BB7C-4772-B3F7FF6B9390}"
EndProject
Project("{FAE04EC0-301F-11D3-BF4B-00C04F79EFBC}") = "VRC.ClientSim.Editor", "VRC.ClientSim.Editor.csproj", "{583CA2F7-3E77-7638-FD26-B51837CF3B40}"
EndProject
Project("{FAE04EC0-301F-11D3-BF4B-00C04F79EFBC}") = "VRC.SDK3", "VRC.SDK3.csproj", "{7648855C-C44E-775B-8E36-7DD7A016D967}"
EndProject
Project("{FAE04EC0-301F-11D3-BF4B-00C04F79EFBC}") = "VRC.SDK3.Editor", "VRC.SDK3.Editor.csproj", "{73F11C28-1832-10FB-2CFC-915B9928FADA}"
EndProject
Project("{FAE04EC0-301F-11D3-BF4B-00C04F79EFBC}") = "UniTask.DOTween", "UniTask.DOTween.csproj", "{A2B00D50-C096-2CAD-933E-0B6721794918}"
EndProject
Project("{FAE04EC0-301F-11D3-BF4B-00C04F79EFBC}") = "QvPen", "QvPen.csproj", "{84FDBED6-AD2D-9763-2AA1-E3DC4460D520}"
EndProject
Project("{FAE04EC0-301F-11D3-BF4B-00C04F79EFBC}") = "JLChnToZ.VVMW", "JLChnToZ.VVMW.csproj", "{88EB96D5-BCDB-771B-F5BD-EB81D0F4614E}"
EndProject
Project("{FAE04EC0-301F-11D3-BF4B-00C04F79EFBC}") = "JLChnToZ.VRC.Foundation.Editor", "JLChnToZ.VRC.Foundation.Editor.csproj", "{3EE43A32-9D30-AE2F-2F63-FF0634A55393}"
EndProject
Project("{FAE04EC0-301F-11D3-BF4B-00C04F79EFBC}") = "UnityEditorTests", "UnityEditorTests.csproj", "{D41601C2-14DD-80B1-02DF-23D00F3345CE}"
EndProject
Project("{FAE04EC0-301F-11D3-BF4B-00C04F79EFBC}") = "AudioLink", "AudioLink.csproj", "{505EC94E-5354-0318-BC32-EA6322CCF635}"
EndProject
Project("{FAE04EC0-301F-11D3-BF4B-00C04F79EFBC}") = "AudioLink.Editor", "AudioLink.Editor.csproj", "{CFB358E8-5AA0-72E9-0918-C347A6412BE1}"
EndProject
Project("{FAE04EC0-301F-11D3-BF4B-00C04F79EFBC}") = "VRWorldToolkit.Editor", "VRWorldToolkit.Editor.csproj", "{ADBE2B4D-7C78-1070-6EBE-9F117F276165}"
EndProject
Project("{FAE04EC0-301F-11D3-BF4B-00C04F79EFBC}") = "VRC.ExampleCentral.Editor", "VRC.ExampleCentral.Editor.csproj", "{6756C439-4889-24B6-86A2-984678276C7E}"
EndProject
Project("{FAE04EC0-301F-11D3-BF4B-00C04F79EFBC}") = "BakeryRuntimeAssembly", "BakeryRuntimeAssembly.csproj", "{8F22966B-598D-071F-F144-DFFA6DB5FB32}"
EndProject
Project("{FAE04EC0-301F-11D3-BF4B-00C04F79EFBC}") = "com.vrchat.core.vpm-resolver.Editor", "com.vrchat.core.vpm-resolver.Editor.csproj", "{813A381C-EC35-BF65-5F29-CF3306028E51}"
EndProject
Project("{FAE04EC0-301F-11D3-BF4B-00C04F79EFBC}") = "VRC.SDKBase.Editor.ShaderStripping", "VRC.SDKBase.Editor.ShaderStripping.csproj", "{97E178A6-4746-86F5-F204-8DBBBE2212B1}"
EndProject
Project("{FAE04EC0-301F-11D3-BF4B-00C04F79EFBC}") = "AVProVideo.Runtime", "AVProVideo.Runtime.csproj", "{E4AEC67B-2E1D-5B05-53AD-9FDC68A5412F}"
EndProject
Project("{FAE04EC0-301F-11D3-BF4B-00C04F79EFBC}") = "UdonSharp.Runtime", "UdonSharp.Runtime.csproj", "{56D8D5C7-5EE9-D409-C05F-7A3877BD00C1}"
EndProject
Project("{FAE04EC0-301F-11D3-BF4B-00C04F79EFBC}") = "Assembly-CSharp-Editor", "Assembly-CSharp-Editor.csproj", "{C708D1A1-FC0D-7B24-0452-83E9E92BF54C}"
EndProject
Project("{FAE04EC0-301F-11D3-BF4B-00C04F79EFBC}") = "UniTask.Editor", "UniTask.Editor.csproj", "{2A8613DF-4A7A-0888-1B8D-B400B468EFBC}"
EndProject
Project("{FAE04EC0-301F-11D3-BF4B-00C04F79EFBC}") = "UdonSharp.Lib", "UdonSharp.Lib.csproj", "{91552FCF-ACEB-9ADF-68A4-1F259F36E270}"
EndProject
Project("{FAE04EC0-301F-11D3-BF4B-00C04F79EFBC}") = "BakeryECS", "BakeryECS.csproj", "{D8A3B36E-8C0B-6149-6FD3-0558F3BCF9C0}"
EndProject
Project("{FAE04EC0-301F-11D3-BF4B-00C04F79EFBC}") = "VRC.SDKBase.Editor.BuildPipeline", "VRC.SDKBase.Editor.BuildPipeline.csproj", "{2AEE84DA-A577-E333-4CB4-05F269F300CE}"
EndProject
Project("{FAE04EC0-301F-11D3-BF4B-00C04F79EFBC}") = "BakeryAPV", "BakeryAPV.csproj", "{4D9DB8F2-AFCC-8CEF-B210-B2B748995152}"
EndProject
Project("{FAE04EC0-301F-11D3-BF4B-00C04F79EFBC}") = "UniTask.Addressables", "UniTask.Addressables.csproj", "{974F0510-F3A7-6E29-C62F-74775997BEF5}"
EndProject
Project("{FAE04EC0-301F-11D3-BF4B-00C04F79EFBC}") = "UniTask.TextMeshPro", "UniTask.TextMeshPro.csproj", "{6C79918D-A0E6-B7ED-860E-615566786EF3}"
EndProject
Global
	GlobalSection(SolutionConfigurationPlatforms) = preSolution
		Debug|Any CPU = Debug|Any CPU
		Release|Any CPU = Release|Any CPU
	EndGlobalSection
	GlobalSection(ProjectConfigurationPlatforms) = postSolution
		{B42B963F-D3D5-99BA-455A-F677FC606C98}.Debug|Any CPU.ActiveCfg = Debug|Any CPU
		{B42B963F-D3D5-99BA-455A-F677FC606C98}.Debug|Any CPU.Build.0 = Debug|Any CPU
		{B42B963F-D3D5-99BA-455A-F677FC606C98}.Release|Any CPU.ActiveCfg = Release|Any CPU
		{B42B963F-D3D5-99BA-455A-F677FC606C98}.Release|Any CPU.Build.0 = Release|Any CPU
		{FAB6E287-C985-4E21-70B3-561160B5156B}.Debug|Any CPU.ActiveCfg = Debug|Any CPU
		{FAB6E287-C985-4E21-70B3-561160B5156B}.Debug|Any CPU.Build.0 = Debug|Any CPU
		{FAB6E287-C985-4E21-70B3-561160B5156B}.Release|Any CPU.ActiveCfg = Release|Any CPU
		{FAB6E287-C985-4E21-70B3-561160B5156B}.Release|Any CPU.Build.0 = Release|Any CPU
		{DD1CB099-283B-F71E-29A3-93E979D56BAC}.Debug|Any CPU.ActiveCfg = Debug|Any CPU
		{DD1CB099-283B-F71E-29A3-93E979D56BAC}.Debug|Any CPU.Build.0 = Debug|Any CPU
		{DD1CB099-283B-F71E-29A3-93E979D56BAC}.Release|Any CPU.ActiveCfg = Release|Any CPU
		{DD1CB099-283B-F71E-29A3-93E979D56BAC}.Release|Any CPU.Build.0 = Release|Any CPU
		{1D502B77-8491-098C-F0B6-23EA149668A1}.Debug|Any CPU.ActiveCfg = Debug|Any CPU
		{1D502B77-8491-098C-F0B6-23EA149668A1}.Debug|Any CPU.Build.0 = Debug|Any CPU
		{1D502B77-8491-098C-F0B6-23EA149668A1}.Release|Any CPU.ActiveCfg = Release|Any CPU
		{1D502B77-8491-098C-F0B6-23EA149668A1}.Release|Any CPU.Build.0 = Release|Any CPU
		{EABE3E8A-202C-4E9B-F380-35D21B43243A}.Debug|Any CPU.ActiveCfg = Debug|Any CPU
		{EABE3E8A-202C-4E9B-F380-35D21B43243A}.Debug|Any CPU.Build.0 = Debug|Any CPU
		{EABE3E8A-202C-4E9B-F380-35D21B43243A}.Release|Any CPU.ActiveCfg = Release|Any CPU
		{EABE3E8A-202C-4E9B-F380-35D21B43243A}.Release|Any CPU.Build.0 = Release|Any CPU
		{B9E87647-F61A-A5BF-F82F-DCF0F7781B89}.Debug|Any CPU.ActiveCfg = Debug|Any CPU
		{B9E87647-F61A-A5BF-F82F-DCF0F7781B89}.Debug|Any CPU.Build.0 = Debug|Any CPU
		{B9E87647-F61A-A5BF-F82F-DCF0F7781B89}.Release|Any CPU.ActiveCfg = Release|Any CPU
		{B9E87647-F61A-A5BF-F82F-DCF0F7781B89}.Release|Any CPU.Build.0 = Release|Any CPU
		{BEAB5A65-2FBE-FCF0-5487-88F23F6608A7}.Debug|Any CPU.ActiveCfg = Debug|Any CPU
		{BEAB5A65-2FBE-FCF0-5487-88F23F6608A7}.Debug|Any CPU.Build.0 = Debug|Any CPU
		{BEAB5A65-2FBE-FCF0-5487-88F23F6608A7}.Release|Any CPU.ActiveCfg = Release|Any CPU
		{BEAB5A65-2FBE-FCF0-5487-88F23F6608A7}.Release|Any CPU.Build.0 = Release|Any CPU
		{4D635E65-563D-A44F-F997-17CAAE8F5F86}.Debug|Any CPU.ActiveCfg = Debug|Any CPU
		{4D635E65-563D-A44F-F997-17CAAE8F5F86}.Debug|Any CPU.Build.0 = Debug|Any CPU
		{4D635E65-563D-A44F-F997-17CAAE8F5F86}.Release|Any CPU.ActiveCfg = Release|Any CPU
		{4D635E65-563D-A44F-F997-17CAAE8F5F86}.Release|Any CPU.Build.0 = Release|Any CPU
		{076B726C-D86D-E18F-530B-E050E48FF065}.Debug|Any CPU.ActiveCfg = Debug|Any CPU
		{076B726C-D86D-E18F-530B-E050E48FF065}.Debug|Any CPU.Build.0 = Debug|Any CPU
		{076B726C-D86D-E18F-530B-E050E48FF065}.Release|Any CPU.ActiveCfg = Release|Any CPU
		{076B726C-D86D-E18F-530B-E050E48FF065}.Release|Any CPU.Build.0 = Release|Any CPU
		{EDB16CBA-F47E-7189-90DC-E9668C8EAC1F}.Debug|Any CPU.ActiveCfg = Debug|Any CPU
		{EDB16CBA-F47E-7189-90DC-E9668C8EAC1F}.Debug|Any CPU.Build.0 = Debug|Any CPU
		{EDB16CBA-F47E-7189-90DC-E9668C8EAC1F}.Release|Any CPU.ActiveCfg = Release|Any CPU
		{EDB16CBA-F47E-7189-90DC-E9668C8EAC1F}.Release|Any CPU.Build.0 = Release|Any CPU
		{75B07869-78A7-80BD-797A-8A1588DA72D1}.Debug|Any CPU.ActiveCfg = Debug|Any CPU
		{75B07869-78A7-80BD-797A-8A1588DA72D1}.Debug|Any CPU.Build.0 = Debug|Any CPU
		{75B07869-78A7-80BD-797A-8A1588DA72D1}.Release|Any CPU.ActiveCfg = Release|Any CPU
		{75B07869-78A7-80BD-797A-8A1588DA72D1}.Release|Any CPU.Build.0 = Release|Any CPU
		{D3D2525A-C25B-FC97-6272-C2B7BFEC3E93}.Debug|Any CPU.ActiveCfg = Debug|Any CPU
		{D3D2525A-C25B-FC97-6272-C2B7BFEC3E93}.Debug|Any CPU.Build.0 = Debug|Any CPU
		{D3D2525A-C25B-FC97-6272-C2B7BFEC3E93}.Release|Any CPU.ActiveCfg = Release|Any CPU
		{D3D2525A-C25B-FC97-6272-C2B7BFEC3E93}.Release|Any CPU.Build.0 = Release|Any CPU
		{D48899B6-7FC1-BB7C-4772-B3F7FF6B9390}.Debug|Any CPU.ActiveCfg = Debug|Any CPU
		{D48899B6-7FC1-BB7C-4772-B3F7FF6B9390}.Debug|Any CPU.Build.0 = Debug|Any CPU
		{D48899B6-7FC1-BB7C-4772-B3F7FF6B9390}.Release|Any CPU.ActiveCfg = Release|Any CPU
		{D48899B6-7FC1-BB7C-4772-B3F7FF6B9390}.Release|Any CPU.Build.0 = Release|Any CPU
		{583CA2F7-3E77-7638-FD26-B51837CF3B40}.Debug|Any CPU.ActiveCfg = Debug|Any CPU
		{583CA2F7-3E77-7638-FD26-B51837CF3B40}.Debug|Any CPU.Build.0 = Debug|Any CPU
		{583CA2F7-3E77-7638-FD26-B51837CF3B40}.Release|Any CPU.ActiveCfg = Release|Any CPU
		{583CA2F7-3E77-7638-FD26-B51837CF3B40}.Release|Any CPU.Build.0 = Release|Any CPU
		{7648855C-C44E-775B-8E36-7DD7A016D967}.Debug|Any CPU.ActiveCfg = Debug|Any CPU
		{7648855C-C44E-775B-8E36-7DD7A016D967}.Debug|Any CPU.Build.0 = Debug|Any CPU
		{7648855C-C44E-775B-8E36-7DD7A016D967}.Release|Any CPU.ActiveCfg = Release|Any CPU
		{7648855C-C44E-775B-8E36-7DD7A016D967}.Release|Any CPU.Build.0 = Release|Any CPU
		{73F11C28-1832-10FB-2CFC-915B9928FADA}.Debug|Any CPU.ActiveCfg = Debug|Any CPU
		{73F11C28-1832-10FB-2CFC-915B9928FADA}.Debug|Any CPU.Build.0 = Debug|Any CPU
		{73F11C28-1832-10FB-2CFC-915B9928FADA}.Release|Any CPU.ActiveCfg = Release|Any CPU
		{73F11C28-1832-10FB-2CFC-915B9928FADA}.Release|Any CPU.Build.0 = Release|Any CPU
		{A2B00D50-C096-2CAD-933E-0B6721794918}.Debug|Any CPU.ActiveCfg = Debug|Any CPU
		{A2B00D50-C096-2CAD-933E-0B6721794918}.Debug|Any CPU.Build.0 = Debug|Any CPU
		{A2B00D50-C096-2CAD-933E-0B6721794918}.Release|Any CPU.ActiveCfg = Release|Any CPU
		{A2B00D50-C096-2CAD-933E-0B6721794918}.Release|Any CPU.Build.0 = Release|Any CPU
		{84FDBED6-AD2D-9763-2AA1-E3DC4460D520}.Debug|Any CPU.ActiveCfg = Debug|Any CPU
		{84FDBED6-AD2D-9763-2AA1-E3DC4460D520}.Debug|Any CPU.Build.0 = Debug|Any CPU
		{84FDBED6-AD2D-9763-2AA1-E3DC4460D520}.Release|Any CPU.ActiveCfg = Release|Any CPU
		{84FDBED6-AD2D-9763-2AA1-E3DC4460D520}.Release|Any CPU.Build.0 = Release|Any CPU
		{88EB96D5-BCDB-771B-F5BD-EB81D0F4614E}.Debug|Any CPU.ActiveCfg = Debug|Any CPU
		{88EB96D5-BCDB-771B-F5BD-EB81D0F4614E}.Debug|Any CPU.Build.0 = Debug|Any CPU
		{88EB96D5-BCDB-771B-F5BD-EB81D0F4614E}.Release|Any CPU.ActiveCfg = Release|Any CPU
		{88EB96D5-BCDB-771B-F5BD-EB81D0F4614E}.Release|Any CPU.Build.0 = Release|Any CPU
		{3EE43A32-9D30-AE2F-2F63-FF0634A55393}.Debug|Any CPU.ActiveCfg = Debug|Any CPU
		{3EE43A32-9D30-AE2F-2F63-FF0634A55393}.Debug|Any CPU.Build.0 = Debug|Any CPU
		{3EE43A32-9D30-AE2F-2F63-FF0634A55393}.Release|Any CPU.ActiveCfg = Release|Any CPU
		{3EE43A32-9D30-AE2F-2F63-FF0634A55393}.Release|Any CPU.Build.0 = Release|Any CPU
		{D41601C2-14DD-80B1-02DF-23D00F3345CE}.Debug|Any CPU.ActiveCfg = Debug|Any CPU
		{D41601C2-14DD-80B1-02DF-23D00F3345CE}.Debug|Any CPU.Build.0 = Debug|Any CPU
		{D41601C2-14DD-80B1-02DF-23D00F3345CE}.Release|Any CPU.ActiveCfg = Release|Any CPU
		{D41601C2-14DD-80B1-02DF-23D00F3345CE}.Release|Any CPU.Build.0 = Release|Any CPU
		{505EC94E-5354-0318-BC32-EA6322CCF635}.Debug|Any CPU.ActiveCfg = Debug|Any CPU
		{505EC94E-5354-0318-BC32-EA6322CCF635}.Debug|Any CPU.Build.0 = Debug|Any CPU
		{505EC94E-5354-0318-BC32-EA6322CCF635}.Release|Any CPU.ActiveCfg = Release|Any CPU
		{505EC94E-5354-0318-BC32-EA6322CCF635}.Release|Any CPU.Build.0 = Release|Any CPU
		{CFB358E8-5AA0-72E9-0918-C347A6412BE1}.Debug|Any CPU.ActiveCfg = Debug|Any CPU
		{CFB358E8-5AA0-72E9-0918-C347A6412BE1}.Debug|Any CPU.Build.0 = Debug|Any CPU
		{CFB358E8-5AA0-72E9-0918-C347A6412BE1}.Release|Any CPU.ActiveCfg = Release|Any CPU
		{CFB358E8-5AA0-72E9-0918-C347A6412BE1}.Release|Any CPU.Build.0 = Release|Any CPU
		{ADBE2B4D-7C78-1070-6EBE-9F117F276165}.Debug|Any CPU.ActiveCfg = Debug|Any CPU
		{ADBE2B4D-7C78-1070-6EBE-9F117F276165}.Debug|Any CPU.Build.0 = Debug|Any CPU
		{ADBE2B4D-7C78-1070-6EBE-9F117F276165}.Release|Any CPU.ActiveCfg = Release|Any CPU
		{ADBE2B4D-7C78-1070-6EBE-9F117F276165}.Release|Any CPU.Build.0 = Release|Any CPU
		{6756C439-4889-24B6-86A2-984678276C7E}.Debug|Any CPU.ActiveCfg = Debug|Any CPU
		{6756C439-4889-24B6-86A2-984678276C7E}.Debug|Any CPU.Build.0 = Debug|Any CPU
		{6756C439-4889-24B6-86A2-984678276C7E}.Release|Any CPU.ActiveCfg = Release|Any CPU
		{6756C439-4889-24B6-86A2-984678276C7E}.Release|Any CPU.Build.0 = Release|Any CPU
		{8F22966B-598D-071F-F144-DFFA6DB5FB32}.Debug|Any CPU.ActiveCfg = Debug|Any CPU
		{8F22966B-598D-071F-F144-DFFA6DB5FB32}.Debug|Any CPU.Build.0 = Debug|Any CPU
		{8F22966B-598D-071F-F144-DFFA6DB5FB32}.Release|Any CPU.ActiveCfg = Release|Any CPU
		{8F22966B-598D-071F-F144-DFFA6DB5FB32}.Release|Any CPU.Build.0 = Release|Any CPU
		{813A381C-EC35-BF65-5F29-CF3306028E51}.Debug|Any CPU.ActiveCfg = Debug|Any CPU
		{813A381C-EC35-BF65-5F29-CF3306028E51}.Debug|Any CPU.Build.0 = Debug|Any CPU
		{813A381C-EC35-BF65-5F29-CF3306028E51}.Release|Any CPU.ActiveCfg = Release|Any CPU
		{813A381C-EC35-BF65-5F29-CF3306028E51}.Release|Any CPU.Build.0 = Release|Any CPU
		{97E178A6-4746-86F5-F204-8DBBBE2212B1}.Debug|Any CPU.ActiveCfg = Debug|Any CPU
		{97E178A6-4746-86F5-F204-8DBBBE2212B1}.Debug|Any CPU.Build.0 = Debug|Any CPU
		{97E178A6-4746-86F5-F204-8DBBBE2212B1}.Release|Any CPU.ActiveCfg = Release|Any CPU
		{97E178A6-4746-86F5-F204-8DBBBE2212B1}.Release|Any CPU.Build.0 = Release|Any CPU
		{E4AEC67B-2E1D-5B05-53AD-9FDC68A5412F}.Debug|Any CPU.ActiveCfg = Debug|Any CPU
		{E4AEC67B-2E1D-5B05-53AD-9FDC68A5412F}.Debug|Any CPU.Build.0 = Debug|Any CPU
		{E4AEC67B-2E1D-5B05-53AD-9FDC68A5412F}.Release|Any CPU.ActiveCfg = Release|Any CPU
		{E4AEC67B-2E1D-5B05-53AD-9FDC68A5412F}.Release|Any CPU.Build.0 = Release|Any CPU
		{56D8D5C7-5EE9-D409-C05F-7A3877BD00C1}.Debug|Any CPU.ActiveCfg = Debug|Any CPU
		{56D8D5C7-5EE9-D409-C05F-7A3877BD00C1}.Debug|Any CPU.Build.0 = Debug|Any CPU
		{56D8D5C7-5EE9-D409-C05F-7A3877BD00C1}.Release|Any CPU.ActiveCfg = Release|Any CPU
		{56D8D5C7-5EE9-D409-C05F-7A3877BD00C1}.Release|Any CPU.Build.0 = Release|Any CPU
		{C708D1A1-FC0D-7B24-0452-83E9E92BF54C}.Debug|Any CPU.ActiveCfg = Debug|Any CPU
		{C708D1A1-FC0D-7B24-0452-83E9E92BF54C}.Debug|Any CPU.Build.0 = Debug|Any CPU
		{C708D1A1-FC0D-7B24-0452-83E9E92BF54C}.Release|Any CPU.ActiveCfg = Release|Any CPU
		{C708D1A1-FC0D-7B24-0452-83E9E92BF54C}.Release|Any CPU.Build.0 = Release|Any CPU
		{2A8613DF-4A7A-0888-1B8D-B400B468EFBC}.Debug|Any CPU.ActiveCfg = Debug|Any CPU
		{2A8613DF-4A7A-0888-1B8D-B400B468EFBC}.Debug|Any CPU.Build.0 = Debug|Any CPU
		{2A8613DF-4A7A-0888-1B8D-B400B468EFBC}.Release|Any CPU.ActiveCfg = Release|Any CPU
		{2A8613DF-4A7A-0888-1B8D-B400B468EFBC}.Release|Any CPU.Build.0 = Release|Any CPU
		{91552FCF-ACEB-9ADF-68A4-1F259F36E270}.Debug|Any CPU.ActiveCfg = Debug|Any CPU
		{91552FCF-ACEB-9ADF-68A4-1F259F36E270}.Debug|Any CPU.Build.0 = Debug|Any CPU
		{91552FCF-ACEB-9ADF-68A4-1F259F36E270}.Release|Any CPU.ActiveCfg = Release|Any CPU
		{91552FCF-ACEB-9ADF-68A4-1F259F36E270}.Release|Any CPU.Build.0 = Release|Any CPU
		{D8A3B36E-8C0B-6149-6FD3-0558F3BCF9C0}.Debug|Any CPU.ActiveCfg = Debug|Any CPU
		{D8A3B36E-8C0B-6149-6FD3-0558F3BCF9C0}.Debug|Any CPU.Build.0 = Debug|Any CPU
		{D8A3B36E-8C0B-6149-6FD3-0558F3BCF9C0}.Release|Any CPU.ActiveCfg = Release|Any CPU
		{D8A3B36E-8C0B-6149-6FD3-0558F3BCF9C0}.Release|Any CPU.Build.0 = Release|Any CPU
		{2AEE84DA-A577-E333-4CB4-05F269F300CE}.Debug|Any CPU.ActiveCfg = Debug|Any CPU
		{2AEE84DA-A577-E333-4CB4-05F269F300CE}.Debug|Any CPU.Build.0 = Debug|Any CPU
		{2AEE84DA-A577-E333-4CB4-05F269F300CE}.Release|Any CPU.ActiveCfg = Release|Any CPU
		{2AEE84DA-A577-E333-4CB4-05F269F300CE}.Release|Any CPU.Build.0 = Release|Any CPU
		{4D9DB8F2-AFCC-8CEF-B210-B2B748995152}.Debug|Any CPU.ActiveCfg = Debug|Any CPU
		{4D9DB8F2-AFCC-8CEF-B210-B2B748995152}.Debug|Any CPU.Build.0 = Debug|Any CPU
		{4D9DB8F2-AFCC-8CEF-B210-B2B748995152}.Release|Any CPU.ActiveCfg = Release|Any CPU
		{4D9DB8F2-AFCC-8CEF-B210-B2B748995152}.Release|Any CPU.Build.0 = Release|Any CPU
		{974F0510-F3A7-6E29-C62F-74775997BEF5}.Debug|Any CPU.ActiveCfg = Debug|Any CPU
		{974F0510-F3A7-6E29-C62F-74775997BEF5}.Debug|Any CPU.Build.0 = Debug|Any CPU
		{974F0510-F3A7-6E29-C62F-74775997BEF5}.Release|Any CPU.ActiveCfg = Release|Any CPU
		{974F0510-F3A7-6E29-C62F-74775997BEF5}.Release|Any CPU.Build.0 = Release|Any CPU
		{6C79918D-A0E6-B7ED-860E-615566786EF3}.Debug|Any CPU.ActiveCfg = Debug|Any CPU
		{6C79918D-A0E6-B7ED-860E-615566786EF3}.Debug|Any CPU.Build.0 = Debug|Any CPU
		{6C79918D-A0E6-B7ED-860E-615566786EF3}.Release|Any CPU.ActiveCfg = Release|Any CPU
		{6C79918D-A0E6-B7ED-860E-615566786EF3}.Release|Any CPU.Build.0 = Release|Any CPU
	EndGlobalSection
	GlobalSection(SolutionProperties) = preSolution
		HideSolutionNode = FALSE
	EndGlobalSection
EndGlobal
