
Microsoft Visual Studio Solution File, Format Version 12.00
# Visual Studio 15
Project("{FAE04EC0-301F-11D3-BF4B-00C04F79EFBC}") = "VRC.ClientSim", "VRC.ClientSim.csproj", "{EF7092DF-6B94-EB86-8387-F6328CE9A3C2}"
EndProject
Project("{FAE04EC0-301F-11D3-BF4B-00C04F79EFBC}") = "Assembly-CSharp", "Assembly-CSharp.csproj", "{EFABADBC-B9E4-6B89-E985-7FAD11871F0A}"
EndProject
Project("{FAE04EC0-301F-11D3-BF4B-00C04F79EFBC}") = "VRC.Udon.Serialization.OdinSerializer", "VRC.Udon.Serialization.OdinSerializer.csproj", "{4BC59B34-5982-D234-C114-A40390722801}"
EndProject
Project("{FAE04EC0-301F-11D3-BF4B-00C04F79EFBC}") = "BakeryEditorAssembly", "BakeryEditorAssembly.csproj", "{28222671-6071-77D5-15CF-36216F3E9CC5}"
EndProject
Project("{FAE04EC0-301F-11D3-BF4B-00C04F79EFBC}") = "UdonSharp.Editor", "UdonSharp.Editor.csproj", "{DCBAB235-D881-3B56-B5B9-D7748E3EE164}"
EndProject
Project("{FAE04EC0-301F-11D3-BF4B-00C04F79EFBC}") = "VRC.Udon.Editor", "VRC.Udon.Editor.csproj", "{4CB43B82-AE94-7092-D563-6897E86B0559}"
EndProject
Project("{FAE04EC0-301F-11D3-BF4B-00C04F79EFBC}") = "VRC.SDKBase.Editor", "VRC.SDKBase.Editor.csproj", "{F447D818-61FF-0CC5-2A51-1FAC86C7E83C}"
EndProject
Project("{FAE04EC0-301F-11D3-BF4B-00C04F79EFBC}") = "VRC.Udon", "VRC.Udon.csproj", "{E0658E3C-F9DE-0017-2184-030E708CEF22}"
EndProject
Project("{FAE04EC0-301F-11D3-BF4B-00C04F79EFBC}") = "UniTask", "UniTask.csproj", "{D8848162-2AB0-B11B-12E0-69CE83ECBE65}"
EndProject
Project("{FAE04EC0-301F-11D3-BF4B-00C04F79EFBC}") = "UniTask.Linq", "UniTask.Linq.csproj", "{A6E9B751-296D-D249-6C95-CCE5F9A212A5}"
EndProject
Project("{FAE04EC0-301F-11D3-BF4B-00C04F79EFBC}") = "JLChnToZ.VVMW.Editor", "JLChnToZ.VVMW.Editor.csproj", "{10A8F136-3681-403F-CA1F-D52E871A7984}"
EndProject
Project("{FAE04EC0-301F-11D3-BF4B-00C04F79EFBC}") = "VRC.SDKBase", "VRC.SDKBase.csproj", "{F0639953-FC23-40DC-C1F4-ED3B1D2FDD66}"
EndProject
Project("{FAE04EC0-301F-11D3-BF4B-00C04F79EFBC}") = "JLChnToZ.VRC.Foundation", "JLChnToZ.VRC.Foundation.csproj", "{0ED6F08B-E23F-E0C8-FFE5-D5C6693EA3EB}"
EndProject
Project("{FAE04EC0-301F-11D3-BF4B-00C04F79EFBC}") = "VRC.ClientSim.Editor", "VRC.ClientSim.Editor.csproj", "{85B8D88A-B094-621C-CD69-36D3667AA524}"
EndProject
Project("{FAE04EC0-301F-11D3-BF4B-00C04F79EFBC}") = "VRC.SDK3", "VRC.SDK3.csproj", "{6BBB7964-6210-42FE-44AE-12A4E4480FEA}"
EndProject
Project("{FAE04EC0-301F-11D3-BF4B-00C04F79EFBC}") = "VRC.SDK3.Editor", "VRC.SDK3.Editor.csproj", "{2E73CA96-7D68-13B8-20AD-C4ED92319C13}"
EndProject
Project("{FAE04EC0-301F-11D3-BF4B-00C04F79EFBC}") = "UniTask.DOTween", "UniTask.DOTween.csproj", "{5D0C98DB-D47C-4367-EFFD-D2D92EACD0DB}"
EndProject
Project("{FAE04EC0-301F-11D3-BF4B-00C04F79EFBC}") = "QvPen", "QvPen.csproj", "{16D00855-CBE0-17F2-831E-8CAEC27E8859}"
EndProject
Project("{FAE04EC0-301F-11D3-BF4B-00C04F79EFBC}") = "JLChnToZ.VVMW", "JLChnToZ.VVMW.csproj", "{D41A436F-3745-60F1-A14B-11735DE5B0DD}"
EndProject
Project("{FAE04EC0-301F-11D3-BF4B-00C04F79EFBC}") = "JLChnToZ.VRC.Foundation.Editor", "JLChnToZ.VRC.Foundation.Editor.csproj", "{A13A4F23-68D3-11A7-1D6B-C9F3681FDD58}"
EndProject
Project("{FAE04EC0-301F-11D3-BF4B-00C04F79EFBC}") = "UnityEditorTests", "UnityEditorTests.csproj", "{5FDCB60E-D3AF-4BF6-784E-8D01921FF9B4}"
EndProject
Project("{FAE04EC0-301F-11D3-BF4B-00C04F79EFBC}") = "VRWorldToolkit.Editor", "VRWorldToolkit.Editor.csproj", "{7188A5D5-DDC6-D701-EE91-C0D8DE4D87C5}"
EndProject
Project("{FAE04EC0-301F-11D3-BF4B-00C04F79EFBC}") = "VRC.ExampleCentral.Editor", "VRC.ExampleCentral.Editor.csproj", "{5A5DCBBD-1892-9F41-ACF5-F576C127FCC1}"
EndProject
Project("{FAE04EC0-301F-11D3-BF4B-00C04F79EFBC}") = "BakeryRuntimeAssembly", "BakeryRuntimeAssembly.csproj", "{524329B4-84AB-19E0-9FE3-92DC5EA67888}"
EndProject
Project("{FAE04EC0-301F-11D3-BF4B-00C04F79EFBC}") = "com.vrchat.core.vpm-resolver.Editor", "com.vrchat.core.vpm-resolver.Editor.csproj", "{486A1020-794C-8F5F-3550-59E746CAB636}"
EndProject
Project("{FAE04EC0-301F-11D3-BF4B-00C04F79EFBC}") = "VRC.SDKBase.Editor.ShaderStripping", "VRC.SDKBase.Editor.ShaderStripping.csproj", "{CFE83E14-73C9-7019-54A9-70A281D45E22}"
EndProject
Project("{FAE04EC0-301F-11D3-BF4B-00C04F79EFBC}") = "AVProVideo.Runtime", "AVProVideo.Runtime.csproj", "{75B61C66-26F5-5FEF-05EE-7682E905773F}"
EndProject
Project("{FAE04EC0-301F-11D3-BF4B-00C04F79EFBC}") = "UdonSharp.Runtime", "UdonSharp.Runtime.csproj", "{C3744AFB-10E3-8D1B-F891-E1F593B031C4}"
EndProject
Project("{FAE04EC0-301F-11D3-BF4B-00C04F79EFBC}") = "Assembly-CSharp-Editor", "Assembly-CSharp-Editor.csproj", "{AD82924B-27CC-77FA-F388-63902197BCC8}"
EndProject
Project("{FAE04EC0-301F-11D3-BF4B-00C04F79EFBC}") = "UniTask.Editor", "UniTask.Editor.csproj", "{0EB3F965-CCCE-F03C-C7CB-C65E32B19E47}"
EndProject
Project("{FAE04EC0-301F-11D3-BF4B-00C04F79EFBC}") = "UdonSharp.Lib", "UdonSharp.Lib.csproj", "{0CB9AF06-3CCB-9D21-F5CE-33B499F211AF}"
EndProject
Project("{FAE04EC0-301F-11D3-BF4B-00C04F79EFBC}") = "BakeryECS", "BakeryECS.csproj", "{77A97969-BDB8-6C58-21E2-D02548AFB26F}"
EndProject
Project("{FAE04EC0-301F-11D3-BF4B-00C04F79EFBC}") = "VRC.SDKBase.Editor.BuildPipeline", "VRC.SDKBase.Editor.BuildPipeline.csproj", "{B16BAC15-9FD7-9E04-7860-8572B3DC9F8F}"
EndProject
Project("{FAE04EC0-301F-11D3-BF4B-00C04F79EFBC}") = "BakeryAPV", "BakeryAPV.csproj", "{E0DA402E-5C9F-E563-3FF8-615E2FF5A3EF}"
EndProject
Project("{FAE04EC0-301F-11D3-BF4B-00C04F79EFBC}") = "UniTask.Addressables", "UniTask.Addressables.csproj", "{19A51631-40FD-C418-8679-B965315C94B7}"
EndProject
Project("{FAE04EC0-301F-11D3-BF4B-00C04F79EFBC}") = "UniTask.TextMeshPro", "UniTask.TextMeshPro.csproj", "{8248EBAF-3C0A-D8A4-2E8E-BCF60ECC4B90}"
EndProject
Global
	GlobalSection(SolutionConfigurationPlatforms) = preSolution
		Debug|Any CPU = Debug|Any CPU
		Release|Any CPU = Release|Any CPU
	EndGlobalSection
	GlobalSection(ProjectConfigurationPlatforms) = postSolution
		{EF7092DF-6B94-EB86-8387-F6328CE9A3C2}.Debug|Any CPU.ActiveCfg = Debug|Any CPU
		{EF7092DF-6B94-EB86-8387-F6328CE9A3C2}.Debug|Any CPU.Build.0 = Debug|Any CPU
		{EF7092DF-6B94-EB86-8387-F6328CE9A3C2}.Release|Any CPU.ActiveCfg = Release|Any CPU
		{EF7092DF-6B94-EB86-8387-F6328CE9A3C2}.Release|Any CPU.Build.0 = Release|Any CPU
		{EFABADBC-B9E4-6B89-E985-7FAD11871F0A}.Debug|Any CPU.ActiveCfg = Debug|Any CPU
		{EFABADBC-B9E4-6B89-E985-7FAD11871F0A}.Debug|Any CPU.Build.0 = Debug|Any CPU
		{EFABADBC-B9E4-6B89-E985-7FAD11871F0A}.Release|Any CPU.ActiveCfg = Release|Any CPU
		{EFABADBC-B9E4-6B89-E985-7FAD11871F0A}.Release|Any CPU.Build.0 = Release|Any CPU
		{4BC59B34-5982-D234-C114-A40390722801}.Debug|Any CPU.ActiveCfg = Debug|Any CPU
		{4BC59B34-5982-D234-C114-A40390722801}.Debug|Any CPU.Build.0 = Debug|Any CPU
		{4BC59B34-5982-D234-C114-A40390722801}.Release|Any CPU.ActiveCfg = Release|Any CPU
		{4BC59B34-5982-D234-C114-A40390722801}.Release|Any CPU.Build.0 = Release|Any CPU
		{28222671-6071-77D5-15CF-36216F3E9CC5}.Debug|Any CPU.ActiveCfg = Debug|Any CPU
		{28222671-6071-77D5-15CF-36216F3E9CC5}.Debug|Any CPU.Build.0 = Debug|Any CPU
		{28222671-6071-77D5-15CF-36216F3E9CC5}.Release|Any CPU.ActiveCfg = Release|Any CPU
		{28222671-6071-77D5-15CF-36216F3E9CC5}.Release|Any CPU.Build.0 = Release|Any CPU
		{DCBAB235-D881-3B56-B5B9-D7748E3EE164}.Debug|Any CPU.ActiveCfg = Debug|Any CPU
		{DCBAB235-D881-3B56-B5B9-D7748E3EE164}.Debug|Any CPU.Build.0 = Debug|Any CPU
		{DCBAB235-D881-3B56-B5B9-D7748E3EE164}.Release|Any CPU.ActiveCfg = Release|Any CPU
		{DCBAB235-D881-3B56-B5B9-D7748E3EE164}.Release|Any CPU.Build.0 = Release|Any CPU
		{4CB43B82-AE94-7092-D563-6897E86B0559}.Debug|Any CPU.ActiveCfg = Debug|Any CPU
		{4CB43B82-AE94-7092-D563-6897E86B0559}.Debug|Any CPU.Build.0 = Debug|Any CPU
		{4CB43B82-AE94-7092-D563-6897E86B0559}.Release|Any CPU.ActiveCfg = Release|Any CPU
		{4CB43B82-AE94-7092-D563-6897E86B0559}.Release|Any CPU.Build.0 = Release|Any CPU
		{F447D818-61FF-0CC5-2A51-1FAC86C7E83C}.Debug|Any CPU.ActiveCfg = Debug|Any CPU
		{F447D818-61FF-0CC5-2A51-1FAC86C7E83C}.Debug|Any CPU.Build.0 = Debug|Any CPU
		{F447D818-61FF-0CC5-2A51-1FAC86C7E83C}.Release|Any CPU.ActiveCfg = Release|Any CPU
		{F447D818-61FF-0CC5-2A51-1FAC86C7E83C}.Release|Any CPU.Build.0 = Release|Any CPU
		{E0658E3C-F9DE-0017-2184-030E708CEF22}.Debug|Any CPU.ActiveCfg = Debug|Any CPU
		{E0658E3C-F9DE-0017-2184-030E708CEF22}.Debug|Any CPU.Build.0 = Debug|Any CPU
		{E0658E3C-F9DE-0017-2184-030E708CEF22}.Release|Any CPU.ActiveCfg = Release|Any CPU
		{E0658E3C-F9DE-0017-2184-030E708CEF22}.Release|Any CPU.Build.0 = Release|Any CPU
		{D8848162-2AB0-B11B-12E0-69CE83ECBE65}.Debug|Any CPU.ActiveCfg = Debug|Any CPU
		{D8848162-2AB0-B11B-12E0-69CE83ECBE65}.Debug|Any CPU.Build.0 = Debug|Any CPU
		{D8848162-2AB0-B11B-12E0-69CE83ECBE65}.Release|Any CPU.ActiveCfg = Release|Any CPU
		{D8848162-2AB0-B11B-12E0-69CE83ECBE65}.Release|Any CPU.Build.0 = Release|Any CPU
		{A6E9B751-296D-D249-6C95-CCE5F9A212A5}.Debug|Any CPU.ActiveCfg = Debug|Any CPU
		{A6E9B751-296D-D249-6C95-CCE5F9A212A5}.Debug|Any CPU.Build.0 = Debug|Any CPU
		{A6E9B751-296D-D249-6C95-CCE5F9A212A5}.Release|Any CPU.ActiveCfg = Release|Any CPU
		{A6E9B751-296D-D249-6C95-CCE5F9A212A5}.Release|Any CPU.Build.0 = Release|Any CPU
		{10A8F136-3681-403F-CA1F-D52E871A7984}.Debug|Any CPU.ActiveCfg = Debug|Any CPU
		{10A8F136-3681-403F-CA1F-D52E871A7984}.Debug|Any CPU.Build.0 = Debug|Any CPU
		{10A8F136-3681-403F-CA1F-D52E871A7984}.Release|Any CPU.ActiveCfg = Release|Any CPU
		{10A8F136-3681-403F-CA1F-D52E871A7984}.Release|Any CPU.Build.0 = Release|Any CPU
		{F0639953-FC23-40DC-C1F4-ED3B1D2FDD66}.Debug|Any CPU.ActiveCfg = Debug|Any CPU
		{F0639953-FC23-40DC-C1F4-ED3B1D2FDD66}.Debug|Any CPU.Build.0 = Debug|Any CPU
		{F0639953-FC23-40DC-C1F4-ED3B1D2FDD66}.Release|Any CPU.ActiveCfg = Release|Any CPU
		{F0639953-FC23-40DC-C1F4-ED3B1D2FDD66}.Release|Any CPU.Build.0 = Release|Any CPU
		{0ED6F08B-E23F-E0C8-FFE5-D5C6693EA3EB}.Debug|Any CPU.ActiveCfg = Debug|Any CPU
		{0ED6F08B-E23F-E0C8-FFE5-D5C6693EA3EB}.Debug|Any CPU.Build.0 = Debug|Any CPU
		{0ED6F08B-E23F-E0C8-FFE5-D5C6693EA3EB}.Release|Any CPU.ActiveCfg = Release|Any CPU
		{0ED6F08B-E23F-E0C8-FFE5-D5C6693EA3EB}.Release|Any CPU.Build.0 = Release|Any CPU
		{85B8D88A-B094-621C-CD69-36D3667AA524}.Debug|Any CPU.ActiveCfg = Debug|Any CPU
		{85B8D88A-B094-621C-CD69-36D3667AA524}.Debug|Any CPU.Build.0 = Debug|Any CPU
		{85B8D88A-B094-621C-CD69-36D3667AA524}.Release|Any CPU.ActiveCfg = Release|Any CPU
		{85B8D88A-B094-621C-CD69-36D3667AA524}.Release|Any CPU.Build.0 = Release|Any CPU
		{6BBB7964-6210-42FE-44AE-12A4E4480FEA}.Debug|Any CPU.ActiveCfg = Debug|Any CPU
		{6BBB7964-6210-42FE-44AE-12A4E4480FEA}.Debug|Any CPU.Build.0 = Debug|Any CPU
		{6BBB7964-6210-42FE-44AE-12A4E4480FEA}.Release|Any CPU.ActiveCfg = Release|Any CPU
		{6BBB7964-6210-42FE-44AE-12A4E4480FEA}.Release|Any CPU.Build.0 = Release|Any CPU
		{2E73CA96-7D68-13B8-20AD-C4ED92319C13}.Debug|Any CPU.ActiveCfg = Debug|Any CPU
		{2E73CA96-7D68-13B8-20AD-C4ED92319C13}.Debug|Any CPU.Build.0 = Debug|Any CPU
		{2E73CA96-7D68-13B8-20AD-C4ED92319C13}.Release|Any CPU.ActiveCfg = Release|Any CPU
		{2E73CA96-7D68-13B8-20AD-C4ED92319C13}.Release|Any CPU.Build.0 = Release|Any CPU
		{5D0C98DB-D47C-4367-EFFD-D2D92EACD0DB}.Debug|Any CPU.ActiveCfg = Debug|Any CPU
		{5D0C98DB-D47C-4367-EFFD-D2D92EACD0DB}.Debug|Any CPU.Build.0 = Debug|Any CPU
		{5D0C98DB-D47C-4367-EFFD-D2D92EACD0DB}.Release|Any CPU.ActiveCfg = Release|Any CPU
		{5D0C98DB-D47C-4367-EFFD-D2D92EACD0DB}.Release|Any CPU.Build.0 = Release|Any CPU
		{16D00855-CBE0-17F2-831E-8CAEC27E8859}.Debug|Any CPU.ActiveCfg = Debug|Any CPU
		{16D00855-CBE0-17F2-831E-8CAEC27E8859}.Debug|Any CPU.Build.0 = Debug|Any CPU
		{16D00855-CBE0-17F2-831E-8CAEC27E8859}.Release|Any CPU.ActiveCfg = Release|Any CPU
		{16D00855-CBE0-17F2-831E-8CAEC27E8859}.Release|Any CPU.Build.0 = Release|Any CPU
		{D41A436F-3745-60F1-A14B-11735DE5B0DD}.Debug|Any CPU.ActiveCfg = Debug|Any CPU
		{D41A436F-3745-60F1-A14B-11735DE5B0DD}.Debug|Any CPU.Build.0 = Debug|Any CPU
		{D41A436F-3745-60F1-A14B-11735DE5B0DD}.Release|Any CPU.ActiveCfg = Release|Any CPU
		{D41A436F-3745-60F1-A14B-11735DE5B0DD}.Release|Any CPU.Build.0 = Release|Any CPU
		{A13A4F23-68D3-11A7-1D6B-C9F3681FDD58}.Debug|Any CPU.ActiveCfg = Debug|Any CPU
		{A13A4F23-68D3-11A7-1D6B-C9F3681FDD58}.Debug|Any CPU.Build.0 = Debug|Any CPU
		{A13A4F23-68D3-11A7-1D6B-C9F3681FDD58}.Release|Any CPU.ActiveCfg = Release|Any CPU
		{A13A4F23-68D3-11A7-1D6B-C9F3681FDD58}.Release|Any CPU.Build.0 = Release|Any CPU
		{5FDCB60E-D3AF-4BF6-784E-8D01921FF9B4}.Debug|Any CPU.ActiveCfg = Debug|Any CPU
		{5FDCB60E-D3AF-4BF6-784E-8D01921FF9B4}.Debug|Any CPU.Build.0 = Debug|Any CPU
		{5FDCB60E-D3AF-4BF6-784E-8D01921FF9B4}.Release|Any CPU.ActiveCfg = Release|Any CPU
		{5FDCB60E-D3AF-4BF6-784E-8D01921FF9B4}.Release|Any CPU.Build.0 = Release|Any CPU
		{7188A5D5-DDC6-D701-EE91-C0D8DE4D87C5}.Debug|Any CPU.ActiveCfg = Debug|Any CPU
		{7188A5D5-DDC6-D701-EE91-C0D8DE4D87C5}.Debug|Any CPU.Build.0 = Debug|Any CPU
		{7188A5D5-DDC6-D701-EE91-C0D8DE4D87C5}.Release|Any CPU.ActiveCfg = Release|Any CPU
		{7188A5D5-DDC6-D701-EE91-C0D8DE4D87C5}.Release|Any CPU.Build.0 = Release|Any CPU
		{5A5DCBBD-1892-9F41-ACF5-F576C127FCC1}.Debug|Any CPU.ActiveCfg = Debug|Any CPU
		{5A5DCBBD-1892-9F41-ACF5-F576C127FCC1}.Debug|Any CPU.Build.0 = Debug|Any CPU
		{5A5DCBBD-1892-9F41-ACF5-F576C127FCC1}.Release|Any CPU.ActiveCfg = Release|Any CPU
		{5A5DCBBD-1892-9F41-ACF5-F576C127FCC1}.Release|Any CPU.Build.0 = Release|Any CPU
		{524329B4-84AB-19E0-9FE3-92DC5EA67888}.Debug|Any CPU.ActiveCfg = Debug|Any CPU
		{524329B4-84AB-19E0-9FE3-92DC5EA67888}.Debug|Any CPU.Build.0 = Debug|Any CPU
		{524329B4-84AB-19E0-9FE3-92DC5EA67888}.Release|Any CPU.ActiveCfg = Release|Any CPU
		{524329B4-84AB-19E0-9FE3-92DC5EA67888}.Release|Any CPU.Build.0 = Release|Any CPU
		{486A1020-794C-8F5F-3550-59E746CAB636}.Debug|Any CPU.ActiveCfg = Debug|Any CPU
		{486A1020-794C-8F5F-3550-59E746CAB636}.Debug|Any CPU.Build.0 = Debug|Any CPU
		{486A1020-794C-8F5F-3550-59E746CAB636}.Release|Any CPU.ActiveCfg = Release|Any CPU
		{486A1020-794C-8F5F-3550-59E746CAB636}.Release|Any CPU.Build.0 = Release|Any CPU
		{CFE83E14-73C9-7019-54A9-70A281D45E22}.Debug|Any CPU.ActiveCfg = Debug|Any CPU
		{CFE83E14-73C9-7019-54A9-70A281D45E22}.Debug|Any CPU.Build.0 = Debug|Any CPU
		{CFE83E14-73C9-7019-54A9-70A281D45E22}.Release|Any CPU.ActiveCfg = Release|Any CPU
		{CFE83E14-73C9-7019-54A9-70A281D45E22}.Release|Any CPU.Build.0 = Release|Any CPU
		{75B61C66-26F5-5FEF-05EE-7682E905773F}.Debug|Any CPU.ActiveCfg = Debug|Any CPU
		{75B61C66-26F5-5FEF-05EE-7682E905773F}.Debug|Any CPU.Build.0 = Debug|Any CPU
		{75B61C66-26F5-5FEF-05EE-7682E905773F}.Release|Any CPU.ActiveCfg = Release|Any CPU
		{75B61C66-26F5-5FEF-05EE-7682E905773F}.Release|Any CPU.Build.0 = Release|Any CPU
		{C3744AFB-10E3-8D1B-F891-E1F593B031C4}.Debug|Any CPU.ActiveCfg = Debug|Any CPU
		{C3744AFB-10E3-8D1B-F891-E1F593B031C4}.Debug|Any CPU.Build.0 = Debug|Any CPU
		{C3744AFB-10E3-8D1B-F891-E1F593B031C4}.Release|Any CPU.ActiveCfg = Release|Any CPU
		{C3744AFB-10E3-8D1B-F891-E1F593B031C4}.Release|Any CPU.Build.0 = Release|Any CPU
		{AD82924B-27CC-77FA-F388-63902197BCC8}.Debug|Any CPU.ActiveCfg = Debug|Any CPU
		{AD82924B-27CC-77FA-F388-63902197BCC8}.Debug|Any CPU.Build.0 = Debug|Any CPU
		{AD82924B-27CC-77FA-F388-63902197BCC8}.Release|Any CPU.ActiveCfg = Release|Any CPU
		{AD82924B-27CC-77FA-F388-63902197BCC8}.Release|Any CPU.Build.0 = Release|Any CPU
		{0EB3F965-CCCE-F03C-C7CB-C65E32B19E47}.Debug|Any CPU.ActiveCfg = Debug|Any CPU
		{0EB3F965-CCCE-F03C-C7CB-C65E32B19E47}.Debug|Any CPU.Build.0 = Debug|Any CPU
		{0EB3F965-CCCE-F03C-C7CB-C65E32B19E47}.Release|Any CPU.ActiveCfg = Release|Any CPU
		{0EB3F965-CCCE-F03C-C7CB-C65E32B19E47}.Release|Any CPU.Build.0 = Release|Any CPU
		{0CB9AF06-3CCB-9D21-F5CE-33B499F211AF}.Debug|Any CPU.ActiveCfg = Debug|Any CPU
		{0CB9AF06-3CCB-9D21-F5CE-33B499F211AF}.Debug|Any CPU.Build.0 = Debug|Any CPU
		{0CB9AF06-3CCB-9D21-F5CE-33B499F211AF}.Release|Any CPU.ActiveCfg = Release|Any CPU
		{0CB9AF06-3CCB-9D21-F5CE-33B499F211AF}.Release|Any CPU.Build.0 = Release|Any CPU
		{77A97969-BDB8-6C58-21E2-D02548AFB26F}.Debug|Any CPU.ActiveCfg = Debug|Any CPU
		{77A97969-BDB8-6C58-21E2-D02548AFB26F}.Debug|Any CPU.Build.0 = Debug|Any CPU
		{77A97969-BDB8-6C58-21E2-D02548AFB26F}.Release|Any CPU.ActiveCfg = Release|Any CPU
		{77A97969-BDB8-6C58-21E2-D02548AFB26F}.Release|Any CPU.Build.0 = Release|Any CPU
		{B16BAC15-9FD7-9E04-7860-8572B3DC9F8F}.Debug|Any CPU.ActiveCfg = Debug|Any CPU
		{B16BAC15-9FD7-9E04-7860-8572B3DC9F8F}.Debug|Any CPU.Build.0 = Debug|Any CPU
		{B16BAC15-9FD7-9E04-7860-8572B3DC9F8F}.Release|Any CPU.ActiveCfg = Release|Any CPU
		{B16BAC15-9FD7-9E04-7860-8572B3DC9F8F}.Release|Any CPU.Build.0 = Release|Any CPU
		{E0DA402E-5C9F-E563-3FF8-615E2FF5A3EF}.Debug|Any CPU.ActiveCfg = Debug|Any CPU
		{E0DA402E-5C9F-E563-3FF8-615E2FF5A3EF}.Debug|Any CPU.Build.0 = Debug|Any CPU
		{E0DA402E-5C9F-E563-3FF8-615E2FF5A3EF}.Release|Any CPU.ActiveCfg = Release|Any CPU
		{E0DA402E-5C9F-E563-3FF8-615E2FF5A3EF}.Release|Any CPU.Build.0 = Release|Any CPU
		{19A51631-40FD-C418-8679-B965315C94B7}.Debug|Any CPU.ActiveCfg = Debug|Any CPU
		{19A51631-40FD-C418-8679-B965315C94B7}.Debug|Any CPU.Build.0 = Debug|Any CPU
		{19A51631-40FD-C418-8679-B965315C94B7}.Release|Any CPU.ActiveCfg = Release|Any CPU
		{19A51631-40FD-C418-8679-B965315C94B7}.Release|Any CPU.Build.0 = Release|Any CPU
		{8248EBAF-3C0A-D8A4-2E8E-BCF60ECC4B90}.Debug|Any CPU.ActiveCfg = Debug|Any CPU
		{8248EBAF-3C0A-D8A4-2E8E-BCF60ECC4B90}.Debug|Any CPU.Build.0 = Debug|Any CPU
		{8248EBAF-3C0A-D8A4-2E8E-BCF60ECC4B90}.Release|Any CPU.ActiveCfg = Release|Any CPU
		{8248EBAF-3C0A-D8A4-2E8E-BCF60ECC4B90}.Release|Any CPU.Build.0 = Release|Any CPU
	EndGlobalSection
	GlobalSection(SolutionProperties) = preSolution
		HideSolutionNode = FALSE
	EndGlobalSection
EndGlobal
