
Microsoft Visual Studio Solution File, Format Version 12.00
# Visual Studio 15
Project("{FAE04EC0-301F-11D3-BF4B-00C04F79EFBC}") = "VRC.ClientSim", "VRC.ClientSim.csproj", "{EF238B95-3F32-DDDB-4508-6FA7FF72D26D}"
EndProject
Project("{FAE04EC0-301F-11D3-BF4B-00C04F79EFBC}") = "Unity.ShaderGraph.Editor", "Unity.ShaderGraph.Editor.csproj", "{4EBF7026-EE97-A33A-D500-AA5E302D1070}"
EndProject
Project("{FAE04EC0-301F-11D3-BF4B-00C04F79EFBC}") = "Assembly-CSharp", "Assembly-CSharp.csproj", "{3D24D49F-4410-8583-BF44-7010D5AEBAE1}"
EndProject
Project("{FAE04EC0-301F-11D3-BF4B-00C04F79EFBC}") = "Gatosyocora.MeshDeleterWithTexture.Editor", "Gatosyocora.MeshDeleterWithTexture.Editor.csproj", "{C0316823-5CAD-5469-3727-9BDD9CE99AB1}"
EndProject
Project("{FAE04EC0-301F-11D3-BF4B-00C04F79EFBC}") = "UdonSharp.Editor", "UdonSharp.Editor.csproj", "{52E7EBE9-57AF-C267-D60E-C0EDB6BCD7FD}"
EndProject
Project("{FAE04EC0-301F-11D3-BF4B-00C04F79EFBC}") = "VRC.Udon.Editor", "VRC.Udon.Editor.csproj", "{EDED5418-6EB1-5923-E1A6-0A5C4C76802C}"
EndProject
Project("{FAE04EC0-301F-11D3-BF4B-00C04F79EFBC}") = "VRC.Udon.Serialization.OdinSerializer", "VRC.Udon.Serialization.OdinSerializer.csproj", "{F50F042E-6159-3EDF-BEFC-FDA77BF77B75}"
EndProject
Project("{FAE04EC0-301F-11D3-BF4B-00C04F79EFBC}") = "JLChnToZ.VVMW.Editor", "JLChnToZ.VVMW.Editor.csproj", "{85CE0A29-D7C1-E1D7-0507-35CA838E9A39}"
EndProject
Project("{FAE04EC0-301F-11D3-BF4B-00C04F79EFBC}") = "Assembly-CSharp-Editor", "Assembly-CSharp-Editor.csproj", "{50199D4F-9EDB-5C1D-9BC2-4753D76E2CAD}"
EndProject
Project("{FAE04EC0-301F-11D3-BF4B-00C04F79EFBC}") = "JLChnToZ.VRC.Foundation", "JLChnToZ.VRC.Foundation.csproj", "{FB455098-A280-6544-91BD-884B252650B4}"
EndProject
Project("{FAE04EC0-301F-11D3-BF4B-00C04F79EFBC}") = "ThryAssemblyDefinition", "ThryAssemblyDefinition.csproj", "{6BEFB7A6-404E-79EE-A483-B96CF52A2335}"
EndProject
Project("{FAE04EC0-301F-11D3-BF4B-00C04F79EFBC}") = "VRC.SDK3", "VRC.SDK3.csproj", "{264A4EA2-9CBD-9954-FDF0-B71C413B35D5}"
EndProject
Project("{FAE04EC0-301F-11D3-BF4B-00C04F79EFBC}") = "UniTask.Linq", "UniTask.Linq.csproj", "{695BE68F-F6AF-F949-C93D-EA107890EF97}"
EndProject
Project("{FAE04EC0-301F-11D3-BF4B-00C04F79EFBC}") = "UniTask", "UniTask.csproj", "{C753DEC6-CD9D-1CC6-A147-04157BD404C9}"
EndProject
Project("{FAE04EC0-301F-11D3-BF4B-00C04F79EFBC}") = "UniTask.DOTween", "UniTask.DOTween.csproj", "{711DCD13-6531-C01D-16CF-C0939230C758}"
EndProject
Project("{FAE04EC0-301F-11D3-BF4B-00C04F79EFBC}") = "VRC.SDK3.Editor", "VRC.SDK3.Editor.csproj", "{0FC334E7-221C-D7E7-3A63-B9AD1F06A4C3}"
EndProject
Project("{FAE04EC0-301F-11D3-BF4B-00C04F79EFBC}") = "BakeryEditorAssembly", "BakeryEditorAssembly.csproj", "{0AEF1012-4D9B-292D-13F1-52B41737F675}"
EndProject
Project("{FAE04EC0-301F-11D3-BF4B-00C04F79EFBC}") = "JLChnToZ.VVMW", "JLChnToZ.VVMW.csproj", "{1AF7CFB1-582E-0FFC-8E5C-15F1BD4428A2}"
EndProject
Project("{FAE04EC0-301F-11D3-BF4B-00C04F79EFBC}") = "Poiyomi.ModularShaderSystem", "Poiyomi.ModularShaderSystem.csproj", "{8E5CF334-B62C-8A58-0AC8-F32C58C1C70D}"
EndProject
Project("{FAE04EC0-301F-11D3-BF4B-00C04F79EFBC}") = "VRC.SDKBase.Editor", "VRC.SDKBase.Editor.csproj", "{45CB2DBE-CD19-6203-D9B0-FD2A16686FD9}"
EndProject
Project("{FAE04EC0-301F-11D3-BF4B-00C04F79EFBC}") = "UnityEditorTests", "UnityEditorTests.csproj", "{5179DCFC-9B81-4B96-5BF5-45B7DAE2744C}"
EndProject
Project("{FAE04EC0-301F-11D3-BF4B-00C04F79EFBC}") = "AudioLink", "AudioLink.csproj", "{4E072B68-A5A8-44AC-4D05-3F9E45B040F3}"
EndProject
Project("{FAE04EC0-301F-11D3-BF4B-00C04F79EFBC}") = "JLChnToZ.VRC.Foundation.Editor", "JLChnToZ.VRC.Foundation.Editor.csproj", "{5B8C6C5C-9764-1A2F-E922-5017E6E890A6}"
EndProject
Project("{FAE04EC0-301F-11D3-BF4B-00C04F79EFBC}") = "AudioLink.Editor", "AudioLink.Editor.csproj", "{B80F40D4-4007-1B20-A7C2-609E0B9654D4}"
EndProject
Project("{FAE04EC0-301F-11D3-BF4B-00C04F79EFBC}") = "VRWorldToolkit.Editor", "VRWorldToolkit.Editor.csproj", "{74593CF7-330D-6AA4-1A0E-423C7B672757}"
EndProject
Project("{FAE04EC0-301F-11D3-BF4B-00C04F79EFBC}") = "VRC.Udon", "VRC.Udon.csproj", "{4659908C-F150-4319-356A-F87048290DEE}"
EndProject
Project("{FAE04EC0-301F-11D3-BF4B-00C04F79EFBC}") = "VRC.ExampleCentral.Editor", "VRC.ExampleCentral.Editor.csproj", "{56E5C7D2-F743-B4A2-CCE5-D8E74DDE9A44}"
EndProject
Project("{FAE04EC0-301F-11D3-BF4B-00C04F79EFBC}") = "lilToon.Editor", "lilToon.Editor.csproj", "{4C6ED2FB-7B1A-A0E5-C22C-315C85A89072}"
EndProject
Project("{FAE04EC0-301F-11D3-BF4B-00C04F79EFBC}") = "com.z3y.shaders", "com.z3y.shaders.csproj", "{6C17D60D-A96B-79FA-4897-0046B8E54465}"
EndProject
Project("{FAE04EC0-301F-11D3-BF4B-00C04F79EFBC}") = "com.vrchat.core.vpm-resolver.Editor", "com.vrchat.core.vpm-resolver.Editor.csproj", "{5820859E-5DF6-E443-10A4-D6016157617D}"
EndProject
Project("{FAE04EC0-301F-11D3-BF4B-00C04F79EFBC}") = "VRC.ClientSim.Editor", "VRC.ClientSim.Editor.csproj", "{792FB523-B9F2-6275-9565-83C2F215B7A2}"
EndProject
Project("{FAE04EC0-301F-11D3-BF4B-00C04F79EFBC}") = "AVProVideo.Runtime", "AVProVideo.Runtime.csproj", "{B657D51D-E284-4AEC-D787-8DADE729BB0E}"
EndProject
Project("{FAE04EC0-301F-11D3-BF4B-00C04F79EFBC}") = "QvPen", "QvPen.csproj", "{1A87519D-C7D0-33BD-91CC-15098C69380E}"
EndProject
Project("{FAE04EC0-301F-11D3-BF4B-00C04F79EFBC}") = "Poi.Tools", "Poi.Tools.csproj", "{0493EB71-62F5-FAD4-FE4F-F0BC38F49E88}"
EndProject
Project("{FAE04EC0-301F-11D3-BF4B-00C04F79EFBC}") = "ThryExternal", "ThryExternal.csproj", "{ED544832-D43A-D8B3-2886-3A577467F88A}"
EndProject
Project("{FAE04EC0-301F-11D3-BF4B-00C04F79EFBC}") = "UdonSharp.Runtime", "UdonSharp.Runtime.csproj", "{083E98BE-7B06-8033-8A2C-15CCBDFA11EE}"
EndProject
Project("{FAE04EC0-301F-11D3-BF4B-00C04F79EFBC}") = "VRC.SDKBase", "VRC.SDKBase.csproj", "{E11337D4-4A94-E5D2-CF60-B8ABEF708134}"
EndProject
Project("{FAE04EC0-301F-11D3-BF4B-00C04F79EFBC}") = "Gatosyocora.MeshDeleterWithTexture.Editor.Tests", "Gatosyocora.MeshDeleterWithTexture.Editor.Tests.csproj", "{C80666A1-2FF9-658E-6ACA-33D944D1143A}"
EndProject
Project("{FAE04EC0-301F-11D3-BF4B-00C04F79EFBC}") = "BakeryRuntimeAssembly", "BakeryRuntimeAssembly.csproj", "{3E82276C-5326-8C3C-8AB7-F4EECFAEEE10}"
EndProject
Project("{FAE04EC0-301F-11D3-BF4B-00C04F79EFBC}") = "BakeryECS", "BakeryECS.csproj", "{E5DB20AF-A553-FBED-A8D0-4301B8F2104B}"
EndProject
Project("{FAE04EC0-301F-11D3-BF4B-00C04F79EFBC}") = "BakeryAPV", "BakeryAPV.csproj", "{6D037B99-33EE-B7B9-3C72-7ADDFC2DC352}"
EndProject
Project("{FAE04EC0-301F-11D3-BF4B-00C04F79EFBC}") = "UniTask.Editor", "UniTask.Editor.csproj", "{743F0E62-46AA-5123-3BA1-9E697727D9C2}"
EndProject
Project("{FAE04EC0-301F-11D3-BF4B-00C04F79EFBC}") = "UdonSharp.Lib", "UdonSharp.Lib.csproj", "{0584970D-5216-6253-930F-FAC1DE66CA92}"
EndProject
Project("{FAE04EC0-301F-11D3-BF4B-00C04F79EFBC}") = "UniTask.Addressables", "UniTask.Addressables.csproj", "{3102CFCE-4F6E-1F89-DA73-50C13A0E5E0E}"
EndProject
Project("{FAE04EC0-301F-11D3-BF4B-00C04F79EFBC}") = "Runtime", "Runtime.csproj", "{CF428FED-80A5-E827-8AEB-D2A919059044}"
EndProject
Project("{FAE04EC0-301F-11D3-BF4B-00C04F79EFBC}") = "VRC.SDKBase.Editor.ShaderStripping", "VRC.SDKBase.Editor.ShaderStripping.csproj", "{165AD0A1-6F7A-A804-790D-A665931A5DB5}"
EndProject
Project("{FAE04EC0-301F-11D3-BF4B-00C04F79EFBC}") = "lilToon.Editor.External", "lilToon.Editor.External.csproj", "{D99F1238-F61F-3357-5BE5-B9ABE9FD8C42}"
EndProject
Project("{FAE04EC0-301F-11D3-BF4B-00C04F79EFBC}") = "UniTask.TextMeshPro", "UniTask.TextMeshPro.csproj", "{047461C2-E0F4-4D5D-3387-D21A13239874}"
EndProject
Project("{FAE04EC0-301F-11D3-BF4B-00C04F79EFBC}") = "VRC.SDKBase.Editor.BuildPipeline", "VRC.SDKBase.Editor.BuildPipeline.csproj", "{21FE7887-7F75-0B4A-535A-6EB0D308EE6E}"
EndProject
Global
	GlobalSection(SolutionConfigurationPlatforms) = preSolution
		Debug|Any CPU = Debug|Any CPU
		Release|Any CPU = Release|Any CPU
	EndGlobalSection
	GlobalSection(ProjectConfigurationPlatforms) = postSolution
		{EF238B95-3F32-DDDB-4508-6FA7FF72D26D}.Debug|Any CPU.ActiveCfg = Debug|Any CPU
		{EF238B95-3F32-DDDB-4508-6FA7FF72D26D}.Debug|Any CPU.Build.0 = Debug|Any CPU
		{EF238B95-3F32-DDDB-4508-6FA7FF72D26D}.Release|Any CPU.ActiveCfg = Release|Any CPU
		{EF238B95-3F32-DDDB-4508-6FA7FF72D26D}.Release|Any CPU.Build.0 = Release|Any CPU
		{4EBF7026-EE97-A33A-D500-AA5E302D1070}.Debug|Any CPU.ActiveCfg = Debug|Any CPU
		{4EBF7026-EE97-A33A-D500-AA5E302D1070}.Debug|Any CPU.Build.0 = Debug|Any CPU
		{4EBF7026-EE97-A33A-D500-AA5E302D1070}.Release|Any CPU.ActiveCfg = Release|Any CPU
		{4EBF7026-EE97-A33A-D500-AA5E302D1070}.Release|Any CPU.Build.0 = Release|Any CPU
		{3D24D49F-4410-8583-BF44-7010D5AEBAE1}.Debug|Any CPU.ActiveCfg = Debug|Any CPU
		{3D24D49F-4410-8583-BF44-7010D5AEBAE1}.Debug|Any CPU.Build.0 = Debug|Any CPU
		{3D24D49F-4410-8583-BF44-7010D5AEBAE1}.Release|Any CPU.ActiveCfg = Release|Any CPU
		{3D24D49F-4410-8583-BF44-7010D5AEBAE1}.Release|Any CPU.Build.0 = Release|Any CPU
		{C0316823-5CAD-5469-3727-9BDD9CE99AB1}.Debug|Any CPU.ActiveCfg = Debug|Any CPU
		{C0316823-5CAD-5469-3727-9BDD9CE99AB1}.Debug|Any CPU.Build.0 = Debug|Any CPU
		{C0316823-5CAD-5469-3727-9BDD9CE99AB1}.Release|Any CPU.ActiveCfg = Release|Any CPU
		{C0316823-5CAD-5469-3727-9BDD9CE99AB1}.Release|Any CPU.Build.0 = Release|Any CPU
		{52E7EBE9-57AF-C267-D60E-C0EDB6BCD7FD}.Debug|Any CPU.ActiveCfg = Debug|Any CPU
		{52E7EBE9-57AF-C267-D60E-C0EDB6BCD7FD}.Debug|Any CPU.Build.0 = Debug|Any CPU
		{52E7EBE9-57AF-C267-D60E-C0EDB6BCD7FD}.Release|Any CPU.ActiveCfg = Release|Any CPU
		{52E7EBE9-57AF-C267-D60E-C0EDB6BCD7FD}.Release|Any CPU.Build.0 = Release|Any CPU
		{EDED5418-6EB1-5923-E1A6-0A5C4C76802C}.Debug|Any CPU.ActiveCfg = Debug|Any CPU
		{EDED5418-6EB1-5923-E1A6-0A5C4C76802C}.Debug|Any CPU.Build.0 = Debug|Any CPU
		{EDED5418-6EB1-5923-E1A6-0A5C4C76802C}.Release|Any CPU.ActiveCfg = Release|Any CPU
		{EDED5418-6EB1-5923-E1A6-0A5C4C76802C}.Release|Any CPU.Build.0 = Release|Any CPU
		{F50F042E-6159-3EDF-BEFC-FDA77BF77B75}.Debug|Any CPU.ActiveCfg = Debug|Any CPU
		{F50F042E-6159-3EDF-BEFC-FDA77BF77B75}.Debug|Any CPU.Build.0 = Debug|Any CPU
		{F50F042E-6159-3EDF-BEFC-FDA77BF77B75}.Release|Any CPU.ActiveCfg = Release|Any CPU
		{F50F042E-6159-3EDF-BEFC-FDA77BF77B75}.Release|Any CPU.Build.0 = Release|Any CPU
		{85CE0A29-D7C1-E1D7-0507-35CA838E9A39}.Debug|Any CPU.ActiveCfg = Debug|Any CPU
		{85CE0A29-D7C1-E1D7-0507-35CA838E9A39}.Debug|Any CPU.Build.0 = Debug|Any CPU
		{85CE0A29-D7C1-E1D7-0507-35CA838E9A39}.Release|Any CPU.ActiveCfg = Release|Any CPU
		{85CE0A29-D7C1-E1D7-0507-35CA838E9A39}.Release|Any CPU.Build.0 = Release|Any CPU
		{50199D4F-9EDB-5C1D-9BC2-4753D76E2CAD}.Debug|Any CPU.ActiveCfg = Debug|Any CPU
		{50199D4F-9EDB-5C1D-9BC2-4753D76E2CAD}.Debug|Any CPU.Build.0 = Debug|Any CPU
		{50199D4F-9EDB-5C1D-9BC2-4753D76E2CAD}.Release|Any CPU.ActiveCfg = Release|Any CPU
		{50199D4F-9EDB-5C1D-9BC2-4753D76E2CAD}.Release|Any CPU.Build.0 = Release|Any CPU
		{FB455098-A280-6544-91BD-884B252650B4}.Debug|Any CPU.ActiveCfg = Debug|Any CPU
		{FB455098-A280-6544-91BD-884B252650B4}.Debug|Any CPU.Build.0 = Debug|Any CPU
		{FB455098-A280-6544-91BD-884B252650B4}.Release|Any CPU.ActiveCfg = Release|Any CPU
		{FB455098-A280-6544-91BD-884B252650B4}.Release|Any CPU.Build.0 = Release|Any CPU
		{6BEFB7A6-404E-79EE-A483-B96CF52A2335}.Debug|Any CPU.ActiveCfg = Debug|Any CPU
		{6BEFB7A6-404E-79EE-A483-B96CF52A2335}.Debug|Any CPU.Build.0 = Debug|Any CPU
		{6BEFB7A6-404E-79EE-A483-B96CF52A2335}.Release|Any CPU.ActiveCfg = Release|Any CPU
		{6BEFB7A6-404E-79EE-A483-B96CF52A2335}.Release|Any CPU.Build.0 = Release|Any CPU
		{264A4EA2-9CBD-9954-FDF0-B71C413B35D5}.Debug|Any CPU.ActiveCfg = Debug|Any CPU
		{264A4EA2-9CBD-9954-FDF0-B71C413B35D5}.Debug|Any CPU.Build.0 = Debug|Any CPU
		{264A4EA2-9CBD-9954-FDF0-B71C413B35D5}.Release|Any CPU.ActiveCfg = Release|Any CPU
		{264A4EA2-9CBD-9954-FDF0-B71C413B35D5}.Release|Any CPU.Build.0 = Release|Any CPU
		{695BE68F-F6AF-F949-C93D-EA107890EF97}.Debug|Any CPU.ActiveCfg = Debug|Any CPU
		{695BE68F-F6AF-F949-C93D-EA107890EF97}.Debug|Any CPU.Build.0 = Debug|Any CPU
		{695BE68F-F6AF-F949-C93D-EA107890EF97}.Release|Any CPU.ActiveCfg = Release|Any CPU
		{695BE68F-F6AF-F949-C93D-EA107890EF97}.Release|Any CPU.Build.0 = Release|Any CPU
		{C753DEC6-CD9D-1CC6-A147-04157BD404C9}.Debug|Any CPU.ActiveCfg = Debug|Any CPU
		{C753DEC6-CD9D-1CC6-A147-04157BD404C9}.Debug|Any CPU.Build.0 = Debug|Any CPU
		{C753DEC6-CD9D-1CC6-A147-04157BD404C9}.Release|Any CPU.ActiveCfg = Release|Any CPU
		{C753DEC6-CD9D-1CC6-A147-04157BD404C9}.Release|Any CPU.Build.0 = Release|Any CPU
		{711DCD13-6531-C01D-16CF-C0939230C758}.Debug|Any CPU.ActiveCfg = Debug|Any CPU
		{711DCD13-6531-C01D-16CF-C0939230C758}.Debug|Any CPU.Build.0 = Debug|Any CPU
		{711DCD13-6531-C01D-16CF-C0939230C758}.Release|Any CPU.ActiveCfg = Release|Any CPU
		{711DCD13-6531-C01D-16CF-C0939230C758}.Release|Any CPU.Build.0 = Release|Any CPU
		{0FC334E7-221C-D7E7-3A63-B9AD1F06A4C3}.Debug|Any CPU.ActiveCfg = Debug|Any CPU
		{0FC334E7-221C-D7E7-3A63-B9AD1F06A4C3}.Debug|Any CPU.Build.0 = Debug|Any CPU
		{0FC334E7-221C-D7E7-3A63-B9AD1F06A4C3}.Release|Any CPU.ActiveCfg = Release|Any CPU
		{0FC334E7-221C-D7E7-3A63-B9AD1F06A4C3}.Release|Any CPU.Build.0 = Release|Any CPU
		{0AEF1012-4D9B-292D-13F1-52B41737F675}.Debug|Any CPU.ActiveCfg = Debug|Any CPU
		{0AEF1012-4D9B-292D-13F1-52B41737F675}.Debug|Any CPU.Build.0 = Debug|Any CPU
		{0AEF1012-4D9B-292D-13F1-52B41737F675}.Release|Any CPU.ActiveCfg = Release|Any CPU
		{0AEF1012-4D9B-292D-13F1-52B41737F675}.Release|Any CPU.Build.0 = Release|Any CPU
		{1AF7CFB1-582E-0FFC-8E5C-15F1BD4428A2}.Debug|Any CPU.ActiveCfg = Debug|Any CPU
		{1AF7CFB1-582E-0FFC-8E5C-15F1BD4428A2}.Debug|Any CPU.Build.0 = Debug|Any CPU
		{1AF7CFB1-582E-0FFC-8E5C-15F1BD4428A2}.Release|Any CPU.ActiveCfg = Release|Any CPU
		{1AF7CFB1-582E-0FFC-8E5C-15F1BD4428A2}.Release|Any CPU.Build.0 = Release|Any CPU
		{8E5CF334-B62C-8A58-0AC8-F32C58C1C70D}.Debug|Any CPU.ActiveCfg = Debug|Any CPU
		{8E5CF334-B62C-8A58-0AC8-F32C58C1C70D}.Debug|Any CPU.Build.0 = Debug|Any CPU
		{8E5CF334-B62C-8A58-0AC8-F32C58C1C70D}.Release|Any CPU.ActiveCfg = Release|Any CPU
		{8E5CF334-B62C-8A58-0AC8-F32C58C1C70D}.Release|Any CPU.Build.0 = Release|Any CPU
		{45CB2DBE-CD19-6203-D9B0-FD2A16686FD9}.Debug|Any CPU.ActiveCfg = Debug|Any CPU
		{45CB2DBE-CD19-6203-D9B0-FD2A16686FD9}.Debug|Any CPU.Build.0 = Debug|Any CPU
		{45CB2DBE-CD19-6203-D9B0-FD2A16686FD9}.Release|Any CPU.ActiveCfg = Release|Any CPU
		{45CB2DBE-CD19-6203-D9B0-FD2A16686FD9}.Release|Any CPU.Build.0 = Release|Any CPU
		{5179DCFC-9B81-4B96-5BF5-45B7DAE2744C}.Debug|Any CPU.ActiveCfg = Debug|Any CPU
		{5179DCFC-9B81-4B96-5BF5-45B7DAE2744C}.Debug|Any CPU.Build.0 = Debug|Any CPU
		{5179DCFC-9B81-4B96-5BF5-45B7DAE2744C}.Release|Any CPU.ActiveCfg = Release|Any CPU
		{5179DCFC-9B81-4B96-5BF5-45B7DAE2744C}.Release|Any CPU.Build.0 = Release|Any CPU
		{4E072B68-A5A8-44AC-4D05-3F9E45B040F3}.Debug|Any CPU.ActiveCfg = Debug|Any CPU
		{4E072B68-A5A8-44AC-4D05-3F9E45B040F3}.Debug|Any CPU.Build.0 = Debug|Any CPU
		{4E072B68-A5A8-44AC-4D05-3F9E45B040F3}.Release|Any CPU.ActiveCfg = Release|Any CPU
		{4E072B68-A5A8-44AC-4D05-3F9E45B040F3}.Release|Any CPU.Build.0 = Release|Any CPU
		{5B8C6C5C-9764-1A2F-E922-5017E6E890A6}.Debug|Any CPU.ActiveCfg = Debug|Any CPU
		{5B8C6C5C-9764-1A2F-E922-5017E6E890A6}.Debug|Any CPU.Build.0 = Debug|Any CPU
		{5B8C6C5C-9764-1A2F-E922-5017E6E890A6}.Release|Any CPU.ActiveCfg = Release|Any CPU
		{5B8C6C5C-9764-1A2F-E922-5017E6E890A6}.Release|Any CPU.Build.0 = Release|Any CPU
		{B80F40D4-4007-1B20-A7C2-609E0B9654D4}.Debug|Any CPU.ActiveCfg = Debug|Any CPU
		{B80F40D4-4007-1B20-A7C2-609E0B9654D4}.Debug|Any CPU.Build.0 = Debug|Any CPU
		{B80F40D4-4007-1B20-A7C2-609E0B9654D4}.Release|Any CPU.ActiveCfg = Release|Any CPU
		{B80F40D4-4007-1B20-A7C2-609E0B9654D4}.Release|Any CPU.Build.0 = Release|Any CPU
		{74593CF7-330D-6AA4-1A0E-423C7B672757}.Debug|Any CPU.ActiveCfg = Debug|Any CPU
		{74593CF7-330D-6AA4-1A0E-423C7B672757}.Debug|Any CPU.Build.0 = Debug|Any CPU
		{74593CF7-330D-6AA4-1A0E-423C7B672757}.Release|Any CPU.ActiveCfg = Release|Any CPU
		{74593CF7-330D-6AA4-1A0E-423C7B672757}.Release|Any CPU.Build.0 = Release|Any CPU
		{4659908C-F150-4319-356A-F87048290DEE}.Debug|Any CPU.ActiveCfg = Debug|Any CPU
		{4659908C-F150-4319-356A-F87048290DEE}.Debug|Any CPU.Build.0 = Debug|Any CPU
		{4659908C-F150-4319-356A-F87048290DEE}.Release|Any CPU.ActiveCfg = Release|Any CPU
		{4659908C-F150-4319-356A-F87048290DEE}.Release|Any CPU.Build.0 = Release|Any CPU
		{56E5C7D2-F743-B4A2-CCE5-D8E74DDE9A44}.Debug|Any CPU.ActiveCfg = Debug|Any CPU
		{56E5C7D2-F743-B4A2-CCE5-D8E74DDE9A44}.Debug|Any CPU.Build.0 = Debug|Any CPU
		{56E5C7D2-F743-B4A2-CCE5-D8E74DDE9A44}.Release|Any CPU.ActiveCfg = Release|Any CPU
		{56E5C7D2-F743-B4A2-CCE5-D8E74DDE9A44}.Release|Any CPU.Build.0 = Release|Any CPU
		{4C6ED2FB-7B1A-A0E5-C22C-315C85A89072}.Debug|Any CPU.ActiveCfg = Debug|Any CPU
		{4C6ED2FB-7B1A-A0E5-C22C-315C85A89072}.Debug|Any CPU.Build.0 = Debug|Any CPU
		{4C6ED2FB-7B1A-A0E5-C22C-315C85A89072}.Release|Any CPU.ActiveCfg = Release|Any CPU
		{4C6ED2FB-7B1A-A0E5-C22C-315C85A89072}.Release|Any CPU.Build.0 = Release|Any CPU
		{6C17D60D-A96B-79FA-4897-0046B8E54465}.Debug|Any CPU.ActiveCfg = Debug|Any CPU
		{6C17D60D-A96B-79FA-4897-0046B8E54465}.Debug|Any CPU.Build.0 = Debug|Any CPU
		{6C17D60D-A96B-79FA-4897-0046B8E54465}.Release|Any CPU.ActiveCfg = Release|Any CPU
		{6C17D60D-A96B-79FA-4897-0046B8E54465}.Release|Any CPU.Build.0 = Release|Any CPU
		{5820859E-5DF6-E443-10A4-D6016157617D}.Debug|Any CPU.ActiveCfg = Debug|Any CPU
		{5820859E-5DF6-E443-10A4-D6016157617D}.Debug|Any CPU.Build.0 = Debug|Any CPU
		{5820859E-5DF6-E443-10A4-D6016157617D}.Release|Any CPU.ActiveCfg = Release|Any CPU
		{5820859E-5DF6-E443-10A4-D6016157617D}.Release|Any CPU.Build.0 = Release|Any CPU
		{792FB523-B9F2-6275-9565-83C2F215B7A2}.Debug|Any CPU.ActiveCfg = Debug|Any CPU
		{792FB523-B9F2-6275-9565-83C2F215B7A2}.Debug|Any CPU.Build.0 = Debug|Any CPU
		{792FB523-B9F2-6275-9565-83C2F215B7A2}.Release|Any CPU.ActiveCfg = Release|Any CPU
		{792FB523-B9F2-6275-9565-83C2F215B7A2}.Release|Any CPU.Build.0 = Release|Any CPU
		{B657D51D-E284-4AEC-D787-8DADE729BB0E}.Debug|Any CPU.ActiveCfg = Debug|Any CPU
		{B657D51D-E284-4AEC-D787-8DADE729BB0E}.Debug|Any CPU.Build.0 = Debug|Any CPU
		{B657D51D-E284-4AEC-D787-8DADE729BB0E}.Release|Any CPU.ActiveCfg = Release|Any CPU
		{B657D51D-E284-4AEC-D787-8DADE729BB0E}.Release|Any CPU.Build.0 = Release|Any CPU
		{1A87519D-C7D0-33BD-91CC-15098C69380E}.Debug|Any CPU.ActiveCfg = Debug|Any CPU
		{1A87519D-C7D0-33BD-91CC-15098C69380E}.Debug|Any CPU.Build.0 = Debug|Any CPU
		{1A87519D-C7D0-33BD-91CC-15098C69380E}.Release|Any CPU.ActiveCfg = Release|Any CPU
		{1A87519D-C7D0-33BD-91CC-15098C69380E}.Release|Any CPU.Build.0 = Release|Any CPU
		{0493EB71-62F5-FAD4-FE4F-F0BC38F49E88}.Debug|Any CPU.ActiveCfg = Debug|Any CPU
		{0493EB71-62F5-FAD4-FE4F-F0BC38F49E88}.Debug|Any CPU.Build.0 = Debug|Any CPU
		{0493EB71-62F5-FAD4-FE4F-F0BC38F49E88}.Release|Any CPU.ActiveCfg = Release|Any CPU
		{0493EB71-62F5-FAD4-FE4F-F0BC38F49E88}.Release|Any CPU.Build.0 = Release|Any CPU
		{ED544832-D43A-D8B3-2886-3A577467F88A}.Debug|Any CPU.ActiveCfg = Debug|Any CPU
		{ED544832-D43A-D8B3-2886-3A577467F88A}.Debug|Any CPU.Build.0 = Debug|Any CPU
		{ED544832-D43A-D8B3-2886-3A577467F88A}.Release|Any CPU.ActiveCfg = Release|Any CPU
		{ED544832-D43A-D8B3-2886-3A577467F88A}.Release|Any CPU.Build.0 = Release|Any CPU
		{083E98BE-7B06-8033-8A2C-15CCBDFA11EE}.Debug|Any CPU.ActiveCfg = Debug|Any CPU
		{083E98BE-7B06-8033-8A2C-15CCBDFA11EE}.Debug|Any CPU.Build.0 = Debug|Any CPU
		{083E98BE-7B06-8033-8A2C-15CCBDFA11EE}.Release|Any CPU.ActiveCfg = Release|Any CPU
		{083E98BE-7B06-8033-8A2C-15CCBDFA11EE}.Release|Any CPU.Build.0 = Release|Any CPU
		{E11337D4-4A94-E5D2-CF60-B8ABEF708134}.Debug|Any CPU.ActiveCfg = Debug|Any CPU
		{E11337D4-4A94-E5D2-CF60-B8ABEF708134}.Debug|Any CPU.Build.0 = Debug|Any CPU
		{E11337D4-4A94-E5D2-CF60-B8ABEF708134}.Release|Any CPU.ActiveCfg = Release|Any CPU
		{E11337D4-4A94-E5D2-CF60-B8ABEF708134}.Release|Any CPU.Build.0 = Release|Any CPU
		{C80666A1-2FF9-658E-6ACA-33D944D1143A}.Debug|Any CPU.ActiveCfg = Debug|Any CPU
		{C80666A1-2FF9-658E-6ACA-33D944D1143A}.Debug|Any CPU.Build.0 = Debug|Any CPU
		{C80666A1-2FF9-658E-6ACA-33D944D1143A}.Release|Any CPU.ActiveCfg = Release|Any CPU
		{C80666A1-2FF9-658E-6ACA-33D944D1143A}.Release|Any CPU.Build.0 = Release|Any CPU
		{3E82276C-5326-8C3C-8AB7-F4EECFAEEE10}.Debug|Any CPU.ActiveCfg = Debug|Any CPU
		{3E82276C-5326-8C3C-8AB7-F4EECFAEEE10}.Debug|Any CPU.Build.0 = Debug|Any CPU
		{3E82276C-5326-8C3C-8AB7-F4EECFAEEE10}.Release|Any CPU.ActiveCfg = Release|Any CPU
		{3E82276C-5326-8C3C-8AB7-F4EECFAEEE10}.Release|Any CPU.Build.0 = Release|Any CPU
		{E5DB20AF-A553-FBED-A8D0-4301B8F2104B}.Debug|Any CPU.ActiveCfg = Debug|Any CPU
		{E5DB20AF-A553-FBED-A8D0-4301B8F2104B}.Debug|Any CPU.Build.0 = Debug|Any CPU
		{E5DB20AF-A553-FBED-A8D0-4301B8F2104B}.Release|Any CPU.ActiveCfg = Release|Any CPU
		{E5DB20AF-A553-FBED-A8D0-4301B8F2104B}.Release|Any CPU.Build.0 = Release|Any CPU
		{6D037B99-33EE-B7B9-3C72-7ADDFC2DC352}.Debug|Any CPU.ActiveCfg = Debug|Any CPU
		{6D037B99-33EE-B7B9-3C72-7ADDFC2DC352}.Debug|Any CPU.Build.0 = Debug|Any CPU
		{6D037B99-33EE-B7B9-3C72-7ADDFC2DC352}.Release|Any CPU.ActiveCfg = Release|Any CPU
		{6D037B99-33EE-B7B9-3C72-7ADDFC2DC352}.Release|Any CPU.Build.0 = Release|Any CPU
		{743F0E62-46AA-5123-3BA1-9E697727D9C2}.Debug|Any CPU.ActiveCfg = Debug|Any CPU
		{743F0E62-46AA-5123-3BA1-9E697727D9C2}.Debug|Any CPU.Build.0 = Debug|Any CPU
		{743F0E62-46AA-5123-3BA1-9E697727D9C2}.Release|Any CPU.ActiveCfg = Release|Any CPU
		{743F0E62-46AA-5123-3BA1-9E697727D9C2}.Release|Any CPU.Build.0 = Release|Any CPU
		{0584970D-5216-6253-930F-FAC1DE66CA92}.Debug|Any CPU.ActiveCfg = Debug|Any CPU
		{0584970D-5216-6253-930F-FAC1DE66CA92}.Debug|Any CPU.Build.0 = Debug|Any CPU
		{0584970D-5216-6253-930F-FAC1DE66CA92}.Release|Any CPU.ActiveCfg = Release|Any CPU
		{0584970D-5216-6253-930F-FAC1DE66CA92}.Release|Any CPU.Build.0 = Release|Any CPU
		{3102CFCE-4F6E-1F89-DA73-50C13A0E5E0E}.Debug|Any CPU.ActiveCfg = Debug|Any CPU
		{3102CFCE-4F6E-1F89-DA73-50C13A0E5E0E}.Debug|Any CPU.Build.0 = Debug|Any CPU
		{3102CFCE-4F6E-1F89-DA73-50C13A0E5E0E}.Release|Any CPU.ActiveCfg = Release|Any CPU
		{3102CFCE-4F6E-1F89-DA73-50C13A0E5E0E}.Release|Any CPU.Build.0 = Release|Any CPU
		{CF428FED-80A5-E827-8AEB-D2A919059044}.Debug|Any CPU.ActiveCfg = Debug|Any CPU
		{CF428FED-80A5-E827-8AEB-D2A919059044}.Debug|Any CPU.Build.0 = Debug|Any CPU
		{CF428FED-80A5-E827-8AEB-D2A919059044}.Release|Any CPU.ActiveCfg = Release|Any CPU
		{CF428FED-80A5-E827-8AEB-D2A919059044}.Release|Any CPU.Build.0 = Release|Any CPU
		{165AD0A1-6F7A-A804-790D-A665931A5DB5}.Debug|Any CPU.ActiveCfg = Debug|Any CPU
		{165AD0A1-6F7A-A804-790D-A665931A5DB5}.Debug|Any CPU.Build.0 = Debug|Any CPU
		{165AD0A1-6F7A-A804-790D-A665931A5DB5}.Release|Any CPU.ActiveCfg = Release|Any CPU
		{165AD0A1-6F7A-A804-790D-A665931A5DB5}.Release|Any CPU.Build.0 = Release|Any CPU
		{D99F1238-F61F-3357-5BE5-B9ABE9FD8C42}.Debug|Any CPU.ActiveCfg = Debug|Any CPU
		{D99F1238-F61F-3357-5BE5-B9ABE9FD8C42}.Debug|Any CPU.Build.0 = Debug|Any CPU
		{D99F1238-F61F-3357-5BE5-B9ABE9FD8C42}.Release|Any CPU.ActiveCfg = Release|Any CPU
		{D99F1238-F61F-3357-5BE5-B9ABE9FD8C42}.Release|Any CPU.Build.0 = Release|Any CPU
		{047461C2-E0F4-4D5D-3387-D21A13239874}.Debug|Any CPU.ActiveCfg = Debug|Any CPU
		{047461C2-E0F4-4D5D-3387-D21A13239874}.Debug|Any CPU.Build.0 = Debug|Any CPU
		{047461C2-E0F4-4D5D-3387-D21A13239874}.Release|Any CPU.ActiveCfg = Release|Any CPU
		{047461C2-E0F4-4D5D-3387-D21A13239874}.Release|Any CPU.Build.0 = Release|Any CPU
		{21FE7887-7F75-0B4A-535A-6EB0D308EE6E}.Debug|Any CPU.ActiveCfg = Debug|Any CPU
		{21FE7887-7F75-0B4A-535A-6EB0D308EE6E}.Debug|Any CPU.Build.0 = Debug|Any CPU
		{21FE7887-7F75-0B4A-535A-6EB0D308EE6E}.Release|Any CPU.ActiveCfg = Release|Any CPU
		{21FE7887-7F75-0B4A-535A-6EB0D308EE6E}.Release|Any CPU.Build.0 = Release|Any CPU
	EndGlobalSection
	GlobalSection(SolutionProperties) = preSolution
		HideSolutionNode = FALSE
	EndGlobalSection
EndGlobal
