
Microsoft Visual Studio Solution File, Format Version 12.00
# Visual Studio 15
Project("{FAE04EC0-301F-11D3-BF4B-00C04F79EFBC}") = "VRC.ClientSim", "VRC.ClientSim.csproj", "{59C0413D-79B2-FF56-2171-D26869F6949C}"
EndProject
Project("{FAE04EC0-301F-11D3-BF4B-00C04F79EFBC}") = "Unity.ShaderGraph.Editor", "Unity.ShaderGraph.Editor.csproj", "{11D1083F-1636-34DC-A0EB-1128CCCF4EB3}"
EndProject
Project("{FAE04EC0-301F-11D3-BF4B-00C04F79EFBC}") = "Assembly-CSharp", "Assembly-CSharp.csproj", "{E565E63D-D0A5-3495-6915-F85577196B6A}"
EndProject
Project("{FAE04EC0-301F-11D3-BF4B-00C04F79EFBC}") = "VRC.Udon.Serialization.OdinSerializer", "VRC.Udon.Serialization.OdinSerializer.csproj", "{F1ADA084-1291-92D4-3F5A-99539DF3947C}"
EndProject
Project("{FAE04EC0-301F-11D3-BF4B-00C04F79EFBC}") = "BakeryEditorAssembly", "BakeryEditorAssembly.csproj", "{5B9DA3FB-71D7-0DBB-E731-0EC8745A0C79}"
EndProject
Project("{FAE04EC0-301F-11D3-BF4B-00C04F79EFBC}") = "UdonSharp.Editor", "UdonSharp.Editor.csproj", "{695379C6-55CD-310D-860F-187410E346F1}"
EndProject
Project("{FAE04EC0-301F-11D3-BF4B-00C04F79EFBC}") = "VRC.Udon.Editor", "VRC.Udon.Editor.csproj", "{B822709C-8293-411E-AC24-3AEC35D26A0D}"
EndProject
Project("{FAE04EC0-301F-11D3-BF4B-00C04F79EFBC}") = "VRC.SDKBase.Editor", "VRC.SDKBase.Editor.csproj", "{8B9B1A5D-93EA-A3D8-1898-DBB1A22D6B33}"
EndProject
Project("{FAE04EC0-301F-11D3-BF4B-00C04F79EFBC}") = "com.z3y.shaders", "com.z3y.shaders.csproj", "{B17834B7-DC27-C5EC-BB5B-7F07C54B04A1}"
EndProject
Project("{FAE04EC0-301F-11D3-BF4B-00C04F79EFBC}") = "VRC.Udon", "VRC.Udon.csproj", "{8C2E17C1-949E-28C6-4C2B-2454A34120A2}"
EndProject
Project("{FAE04EC0-301F-11D3-BF4B-00C04F79EFBC}") = "UniTask", "UniTask.csproj", "{8525BEE1-1EA6-B6DC-AE03-E6DB504B0A63}"
EndProject
Project("{FAE04EC0-301F-11D3-BF4B-00C04F79EFBC}") = "UniTask.Linq", "UniTask.Linq.csproj", "{7850923C-5E1C-00C9-9454-693D8F47091F}"
EndProject
Project("{FAE04EC0-301F-11D3-BF4B-00C04F79EFBC}") = "JLChnToZ.VVMW.Editor", "JLChnToZ.VVMW.Editor.csproj", "{2CAFE6F2-F336-5092-B756-CF38DE71F005}"
EndProject
Project("{FAE04EC0-301F-11D3-BF4B-00C04F79EFBC}") = "VRC.SDKBase", "VRC.SDKBase.csproj", "{A410B919-B4D9-28AF-8CD6-40882E3FA3A1}"
EndProject
Project("{FAE04EC0-301F-11D3-BF4B-00C04F79EFBC}") = "JLChnToZ.VRC.Foundation", "JLChnToZ.VRC.Foundation.csproj", "{D9ECF0A6-D4EB-A0F4-6800-00ED18132DFD}"
EndProject
Project("{FAE04EC0-301F-11D3-BF4B-00C04F79EFBC}") = "VRC.ClientSim.Editor", "VRC.ClientSim.Editor.csproj", "{9317B143-1F60-C57A-AFEC-EA140D8611A7}"
EndProject
Project("{FAE04EC0-301F-11D3-BF4B-00C04F79EFBC}") = "VRC.SDK3", "VRC.SDK3.csproj", "{FC87852C-7DED-2DAC-853C-3B9BE21F580A}"
EndProject
Project("{FAE04EC0-301F-11D3-BF4B-00C04F79EFBC}") = "VRC.SDK3.Editor", "VRC.SDK3.Editor.csproj", "{3CD0B61B-4650-E9A6-1302-6462FB2325BC}"
EndProject
Project("{FAE04EC0-301F-11D3-BF4B-00C04F79EFBC}") = "UniTask.DOTween", "UniTask.DOTween.csproj", "{FA4ECE5C-BEBF-9B3C-A4A1-996A5D919F2B}"
EndProject
Project("{FAE04EC0-301F-11D3-BF4B-00C04F79EFBC}") = "QvPen", "QvPen.csproj", "{0B6D7001-4CCF-A378-3102-9D98BE2F2530}"
EndProject
Project("{FAE04EC0-301F-11D3-BF4B-00C04F79EFBC}") = "JLChnToZ.VVMW", "JLChnToZ.VVMW.csproj", "{043E80D4-11E2-392D-566C-2F10C6E6F57F}"
EndProject
Project("{FAE04EC0-301F-11D3-BF4B-00C04F79EFBC}") = "JLChnToZ.VRC.Foundation.Editor", "JLChnToZ.VRC.Foundation.Editor.csproj", "{AA2E9969-472A-FC6A-5ADD-3E5DB478B8EC}"
EndProject
Project("{FAE04EC0-301F-11D3-BF4B-00C04F79EFBC}") = "UnityEditorTests", "UnityEditorTests.csproj", "{7F19E793-C5D3-3698-1B11-8930149431FC}"
EndProject
Project("{FAE04EC0-301F-11D3-BF4B-00C04F79EFBC}") = "AudioLink", "AudioLink.csproj", "{AE03C8C9-8C35-B8D9-E2CA-874C2058337E}"
EndProject
Project("{FAE04EC0-301F-11D3-BF4B-00C04F79EFBC}") = "AudioLink.Editor", "AudioLink.Editor.csproj", "{B4EF05C5-092A-EDBE-1FB5-D4BB76F4A059}"
EndProject
Project("{FAE04EC0-301F-11D3-BF4B-00C04F79EFBC}") = "VRWorldToolkit.Editor", "VRWorldToolkit.Editor.csproj", "{F7318B03-4049-7691-2080-1763ADB4794B}"
EndProject
Project("{FAE04EC0-301F-11D3-BF4B-00C04F79EFBC}") = "VRC.ExampleCentral.Editor", "VRC.ExampleCentral.Editor.csproj", "{2237DE07-D09C-F7E0-7EB0-05B61BF66E08}"
EndProject
Project("{FAE04EC0-301F-11D3-BF4B-00C04F79EFBC}") = "BakeryRuntimeAssembly", "BakeryRuntimeAssembly.csproj", "{2A1B064B-E1AB-FB89-A23F-F3AA7D6E8B91}"
EndProject
Project("{FAE04EC0-301F-11D3-BF4B-00C04F79EFBC}") = "com.vrchat.core.vpm-resolver.Editor", "com.vrchat.core.vpm-resolver.Editor.csproj", "{2549E152-9E9C-EFA9-8C43-A94D19B1E837}"
EndProject
Project("{FAE04EC0-301F-11D3-BF4B-00C04F79EFBC}") = "VRC.SDKBase.Editor.ShaderStripping", "VRC.SDKBase.Editor.ShaderStripping.csproj", "{3055F5AB-39F2-BA56-12F8-C9476D55B37F}"
EndProject
Project("{FAE04EC0-301F-11D3-BF4B-00C04F79EFBC}") = "AVProVideo.Runtime", "AVProVideo.Runtime.csproj", "{6628F0D6-BC83-6027-04B6-7FB96122CFE5}"
EndProject
Project("{FAE04EC0-301F-11D3-BF4B-00C04F79EFBC}") = "UdonSharp.Runtime", "UdonSharp.Runtime.csproj", "{0CA3F2A5-1627-9D0E-03BC-16B0FE9BE7DD}"
EndProject
Project("{FAE04EC0-301F-11D3-BF4B-00C04F79EFBC}") = "Assembly-CSharp-Editor", "Assembly-CSharp-Editor.csproj", "{7E86A767-6E7A-A59A-8AF8-3085FDD442C4}"
EndProject
Project("{FAE04EC0-301F-11D3-BF4B-00C04F79EFBC}") = "UniTask.Editor", "UniTask.Editor.csproj", "{5AD6B6CE-1E77-3E3C-05B7-127186A77B26}"
EndProject
Project("{FAE04EC0-301F-11D3-BF4B-00C04F79EFBC}") = "UdonSharp.Lib", "UdonSharp.Lib.csproj", "{83431798-E8DD-A8F2-4BA5-1362EB20A3C4}"
EndProject
Project("{FAE04EC0-301F-11D3-BF4B-00C04F79EFBC}") = "BakeryECS", "BakeryECS.csproj", "{46ADE4B7-7D5F-CBC3-FA1C-0822F89CE6B7}"
EndProject
Project("{FAE04EC0-301F-11D3-BF4B-00C04F79EFBC}") = "VRC.SDKBase.Editor.BuildPipeline", "VRC.SDKBase.Editor.BuildPipeline.csproj", "{C5F330EC-D83F-894E-6DF0-A784E836ACE9}"
EndProject
Project("{FAE04EC0-301F-11D3-BF4B-00C04F79EFBC}") = "BakeryAPV", "BakeryAPV.csproj", "{1FD25564-EC78-79B3-0D91-533FA3D0A076}"
EndProject
Project("{FAE04EC0-301F-11D3-BF4B-00C04F79EFBC}") = "UniTask.Addressables", "UniTask.Addressables.csproj", "{8294018C-FFC9-76F8-4E19-871101162430}"
EndProject
Project("{FAE04EC0-301F-11D3-BF4B-00C04F79EFBC}") = "UniTask.TextMeshPro", "UniTask.TextMeshPro.csproj", "{BB0F0E9B-53A0-8C90-D2DE-EFC2B98020B4}"
EndProject
Global
	GlobalSection(SolutionConfigurationPlatforms) = preSolution
		Debug|Any CPU = Debug|Any CPU
		Release|Any CPU = Release|Any CPU
	EndGlobalSection
	GlobalSection(ProjectConfigurationPlatforms) = postSolution
		{59C0413D-79B2-FF56-2171-D26869F6949C}.Debug|Any CPU.ActiveCfg = Debug|Any CPU
		{59C0413D-79B2-FF56-2171-D26869F6949C}.Debug|Any CPU.Build.0 = Debug|Any CPU
		{59C0413D-79B2-FF56-2171-D26869F6949C}.Release|Any CPU.ActiveCfg = Release|Any CPU
		{59C0413D-79B2-FF56-2171-D26869F6949C}.Release|Any CPU.Build.0 = Release|Any CPU
		{11D1083F-1636-34DC-A0EB-1128CCCF4EB3}.Debug|Any CPU.ActiveCfg = Debug|Any CPU
		{11D1083F-1636-34DC-A0EB-1128CCCF4EB3}.Debug|Any CPU.Build.0 = Debug|Any CPU
		{11D1083F-1636-34DC-A0EB-1128CCCF4EB3}.Release|Any CPU.ActiveCfg = Release|Any CPU
		{11D1083F-1636-34DC-A0EB-1128CCCF4EB3}.Release|Any CPU.Build.0 = Release|Any CPU
		{E565E63D-D0A5-3495-6915-F85577196B6A}.Debug|Any CPU.ActiveCfg = Debug|Any CPU
		{E565E63D-D0A5-3495-6915-F85577196B6A}.Debug|Any CPU.Build.0 = Debug|Any CPU
		{E565E63D-D0A5-3495-6915-F85577196B6A}.Release|Any CPU.ActiveCfg = Release|Any CPU
		{E565E63D-D0A5-3495-6915-F85577196B6A}.Release|Any CPU.Build.0 = Release|Any CPU
		{F1ADA084-1291-92D4-3F5A-99539DF3947C}.Debug|Any CPU.ActiveCfg = Debug|Any CPU
		{F1ADA084-1291-92D4-3F5A-99539DF3947C}.Debug|Any CPU.Build.0 = Debug|Any CPU
		{F1ADA084-1291-92D4-3F5A-99539DF3947C}.Release|Any CPU.ActiveCfg = Release|Any CPU
		{F1ADA084-1291-92D4-3F5A-99539DF3947C}.Release|Any CPU.Build.0 = Release|Any CPU
		{5B9DA3FB-71D7-0DBB-E731-0EC8745A0C79}.Debug|Any CPU.ActiveCfg = Debug|Any CPU
		{5B9DA3FB-71D7-0DBB-E731-0EC8745A0C79}.Debug|Any CPU.Build.0 = Debug|Any CPU
		{5B9DA3FB-71D7-0DBB-E731-0EC8745A0C79}.Release|Any CPU.ActiveCfg = Release|Any CPU
		{5B9DA3FB-71D7-0DBB-E731-0EC8745A0C79}.Release|Any CPU.Build.0 = Release|Any CPU
		{695379C6-55CD-310D-860F-187410E346F1}.Debug|Any CPU.ActiveCfg = Debug|Any CPU
		{695379C6-55CD-310D-860F-187410E346F1}.Debug|Any CPU.Build.0 = Debug|Any CPU
		{695379C6-55CD-310D-860F-187410E346F1}.Release|Any CPU.ActiveCfg = Release|Any CPU
		{695379C6-55CD-310D-860F-187410E346F1}.Release|Any CPU.Build.0 = Release|Any CPU
		{B822709C-8293-411E-AC24-3AEC35D26A0D}.Debug|Any CPU.ActiveCfg = Debug|Any CPU
		{B822709C-8293-411E-AC24-3AEC35D26A0D}.Debug|Any CPU.Build.0 = Debug|Any CPU
		{B822709C-8293-411E-AC24-3AEC35D26A0D}.Release|Any CPU.ActiveCfg = Release|Any CPU
		{B822709C-8293-411E-AC24-3AEC35D26A0D}.Release|Any CPU.Build.0 = Release|Any CPU
		{8B9B1A5D-93EA-A3D8-1898-DBB1A22D6B33}.Debug|Any CPU.ActiveCfg = Debug|Any CPU
		{8B9B1A5D-93EA-A3D8-1898-DBB1A22D6B33}.Debug|Any CPU.Build.0 = Debug|Any CPU
		{8B9B1A5D-93EA-A3D8-1898-DBB1A22D6B33}.Release|Any CPU.ActiveCfg = Release|Any CPU
		{8B9B1A5D-93EA-A3D8-1898-DBB1A22D6B33}.Release|Any CPU.Build.0 = Release|Any CPU
		{B17834B7-DC27-C5EC-BB5B-7F07C54B04A1}.Debug|Any CPU.ActiveCfg = Debug|Any CPU
		{B17834B7-DC27-C5EC-BB5B-7F07C54B04A1}.Debug|Any CPU.Build.0 = Debug|Any CPU
		{B17834B7-DC27-C5EC-BB5B-7F07C54B04A1}.Release|Any CPU.ActiveCfg = Release|Any CPU
		{B17834B7-DC27-C5EC-BB5B-7F07C54B04A1}.Release|Any CPU.Build.0 = Release|Any CPU
		{8C2E17C1-949E-28C6-4C2B-2454A34120A2}.Debug|Any CPU.ActiveCfg = Debug|Any CPU
		{8C2E17C1-949E-28C6-4C2B-2454A34120A2}.Debug|Any CPU.Build.0 = Debug|Any CPU
		{8C2E17C1-949E-28C6-4C2B-2454A34120A2}.Release|Any CPU.ActiveCfg = Release|Any CPU
		{8C2E17C1-949E-28C6-4C2B-2454A34120A2}.Release|Any CPU.Build.0 = Release|Any CPU
		{8525BEE1-1EA6-B6DC-AE03-E6DB504B0A63}.Debug|Any CPU.ActiveCfg = Debug|Any CPU
		{8525BEE1-1EA6-B6DC-AE03-E6DB504B0A63}.Debug|Any CPU.Build.0 = Debug|Any CPU
		{8525BEE1-1EA6-B6DC-AE03-E6DB504B0A63}.Release|Any CPU.ActiveCfg = Release|Any CPU
		{8525BEE1-1EA6-B6DC-AE03-E6DB504B0A63}.Release|Any CPU.Build.0 = Release|Any CPU
		{7850923C-5E1C-00C9-9454-693D8F47091F}.Debug|Any CPU.ActiveCfg = Debug|Any CPU
		{7850923C-5E1C-00C9-9454-693D8F47091F}.Debug|Any CPU.Build.0 = Debug|Any CPU
		{7850923C-5E1C-00C9-9454-693D8F47091F}.Release|Any CPU.ActiveCfg = Release|Any CPU
		{7850923C-5E1C-00C9-9454-693D8F47091F}.Release|Any CPU.Build.0 = Release|Any CPU
		{2CAFE6F2-F336-5092-B756-CF38DE71F005}.Debug|Any CPU.ActiveCfg = Debug|Any CPU
		{2CAFE6F2-F336-5092-B756-CF38DE71F005}.Debug|Any CPU.Build.0 = Debug|Any CPU
		{2CAFE6F2-F336-5092-B756-CF38DE71F005}.Release|Any CPU.ActiveCfg = Release|Any CPU
		{2CAFE6F2-F336-5092-B756-CF38DE71F005}.Release|Any CPU.Build.0 = Release|Any CPU
		{A410B919-B4D9-28AF-8CD6-40882E3FA3A1}.Debug|Any CPU.ActiveCfg = Debug|Any CPU
		{A410B919-B4D9-28AF-8CD6-40882E3FA3A1}.Debug|Any CPU.Build.0 = Debug|Any CPU
		{A410B919-B4D9-28AF-8CD6-40882E3FA3A1}.Release|Any CPU.ActiveCfg = Release|Any CPU
		{A410B919-B4D9-28AF-8CD6-40882E3FA3A1}.Release|Any CPU.Build.0 = Release|Any CPU
		{D9ECF0A6-D4EB-A0F4-6800-00ED18132DFD}.Debug|Any CPU.ActiveCfg = Debug|Any CPU
		{D9ECF0A6-D4EB-A0F4-6800-00ED18132DFD}.Debug|Any CPU.Build.0 = Debug|Any CPU
		{D9ECF0A6-D4EB-A0F4-6800-00ED18132DFD}.Release|Any CPU.ActiveCfg = Release|Any CPU
		{D9ECF0A6-D4EB-A0F4-6800-00ED18132DFD}.Release|Any CPU.Build.0 = Release|Any CPU
		{9317B143-1F60-C57A-AFEC-EA140D8611A7}.Debug|Any CPU.ActiveCfg = Debug|Any CPU
		{9317B143-1F60-C57A-AFEC-EA140D8611A7}.Debug|Any CPU.Build.0 = Debug|Any CPU
		{9317B143-1F60-C57A-AFEC-EA140D8611A7}.Release|Any CPU.ActiveCfg = Release|Any CPU
		{9317B143-1F60-C57A-AFEC-EA140D8611A7}.Release|Any CPU.Build.0 = Release|Any CPU
		{FC87852C-7DED-2DAC-853C-3B9BE21F580A}.Debug|Any CPU.ActiveCfg = Debug|Any CPU
		{FC87852C-7DED-2DAC-853C-3B9BE21F580A}.Debug|Any CPU.Build.0 = Debug|Any CPU
		{FC87852C-7DED-2DAC-853C-3B9BE21F580A}.Release|Any CPU.ActiveCfg = Release|Any CPU
		{FC87852C-7DED-2DAC-853C-3B9BE21F580A}.Release|Any CPU.Build.0 = Release|Any CPU
		{3CD0B61B-4650-E9A6-1302-6462FB2325BC}.Debug|Any CPU.ActiveCfg = Debug|Any CPU
		{3CD0B61B-4650-E9A6-1302-6462FB2325BC}.Debug|Any CPU.Build.0 = Debug|Any CPU
		{3CD0B61B-4650-E9A6-1302-6462FB2325BC}.Release|Any CPU.ActiveCfg = Release|Any CPU
		{3CD0B61B-4650-E9A6-1302-6462FB2325BC}.Release|Any CPU.Build.0 = Release|Any CPU
		{FA4ECE5C-BEBF-9B3C-A4A1-996A5D919F2B}.Debug|Any CPU.ActiveCfg = Debug|Any CPU
		{FA4ECE5C-BEBF-9B3C-A4A1-996A5D919F2B}.Debug|Any CPU.Build.0 = Debug|Any CPU
		{FA4ECE5C-BEBF-9B3C-A4A1-996A5D919F2B}.Release|Any CPU.ActiveCfg = Release|Any CPU
		{FA4ECE5C-BEBF-9B3C-A4A1-996A5D919F2B}.Release|Any CPU.Build.0 = Release|Any CPU
		{0B6D7001-4CCF-A378-3102-9D98BE2F2530}.Debug|Any CPU.ActiveCfg = Debug|Any CPU
		{0B6D7001-4CCF-A378-3102-9D98BE2F2530}.Debug|Any CPU.Build.0 = Debug|Any CPU
		{0B6D7001-4CCF-A378-3102-9D98BE2F2530}.Release|Any CPU.ActiveCfg = Release|Any CPU
		{0B6D7001-4CCF-A378-3102-9D98BE2F2530}.Release|Any CPU.Build.0 = Release|Any CPU
		{043E80D4-11E2-392D-566C-2F10C6E6F57F}.Debug|Any CPU.ActiveCfg = Debug|Any CPU
		{043E80D4-11E2-392D-566C-2F10C6E6F57F}.Debug|Any CPU.Build.0 = Debug|Any CPU
		{043E80D4-11E2-392D-566C-2F10C6E6F57F}.Release|Any CPU.ActiveCfg = Release|Any CPU
		{043E80D4-11E2-392D-566C-2F10C6E6F57F}.Release|Any CPU.Build.0 = Release|Any CPU
		{AA2E9969-472A-FC6A-5ADD-3E5DB478B8EC}.Debug|Any CPU.ActiveCfg = Debug|Any CPU
		{AA2E9969-472A-FC6A-5ADD-3E5DB478B8EC}.Debug|Any CPU.Build.0 = Debug|Any CPU
		{AA2E9969-472A-FC6A-5ADD-3E5DB478B8EC}.Release|Any CPU.ActiveCfg = Release|Any CPU
		{AA2E9969-472A-FC6A-5ADD-3E5DB478B8EC}.Release|Any CPU.Build.0 = Release|Any CPU
		{7F19E793-C5D3-3698-1B11-8930149431FC}.Debug|Any CPU.ActiveCfg = Debug|Any CPU
		{7F19E793-C5D3-3698-1B11-8930149431FC}.Debug|Any CPU.Build.0 = Debug|Any CPU
		{7F19E793-C5D3-3698-1B11-8930149431FC}.Release|Any CPU.ActiveCfg = Release|Any CPU
		{7F19E793-C5D3-3698-1B11-8930149431FC}.Release|Any CPU.Build.0 = Release|Any CPU
		{AE03C8C9-8C35-B8D9-E2CA-874C2058337E}.Debug|Any CPU.ActiveCfg = Debug|Any CPU
		{AE03C8C9-8C35-B8D9-E2CA-874C2058337E}.Debug|Any CPU.Build.0 = Debug|Any CPU
		{AE03C8C9-8C35-B8D9-E2CA-874C2058337E}.Release|Any CPU.ActiveCfg = Release|Any CPU
		{AE03C8C9-8C35-B8D9-E2CA-874C2058337E}.Release|Any CPU.Build.0 = Release|Any CPU
		{B4EF05C5-092A-EDBE-1FB5-D4BB76F4A059}.Debug|Any CPU.ActiveCfg = Debug|Any CPU
		{B4EF05C5-092A-EDBE-1FB5-D4BB76F4A059}.Debug|Any CPU.Build.0 = Debug|Any CPU
		{B4EF05C5-092A-EDBE-1FB5-D4BB76F4A059}.Release|Any CPU.ActiveCfg = Release|Any CPU
		{B4EF05C5-092A-EDBE-1FB5-D4BB76F4A059}.Release|Any CPU.Build.0 = Release|Any CPU
		{F7318B03-4049-7691-2080-1763ADB4794B}.Debug|Any CPU.ActiveCfg = Debug|Any CPU
		{F7318B03-4049-7691-2080-1763ADB4794B}.Debug|Any CPU.Build.0 = Debug|Any CPU
		{F7318B03-4049-7691-2080-1763ADB4794B}.Release|Any CPU.ActiveCfg = Release|Any CPU
		{F7318B03-4049-7691-2080-1763ADB4794B}.Release|Any CPU.Build.0 = Release|Any CPU
		{2237DE07-D09C-F7E0-7EB0-05B61BF66E08}.Debug|Any CPU.ActiveCfg = Debug|Any CPU
		{2237DE07-D09C-F7E0-7EB0-05B61BF66E08}.Debug|Any CPU.Build.0 = Debug|Any CPU
		{2237DE07-D09C-F7E0-7EB0-05B61BF66E08}.Release|Any CPU.ActiveCfg = Release|Any CPU
		{2237DE07-D09C-F7E0-7EB0-05B61BF66E08}.Release|Any CPU.Build.0 = Release|Any CPU
		{2A1B064B-E1AB-FB89-A23F-F3AA7D6E8B91}.Debug|Any CPU.ActiveCfg = Debug|Any CPU
		{2A1B064B-E1AB-FB89-A23F-F3AA7D6E8B91}.Debug|Any CPU.Build.0 = Debug|Any CPU
		{2A1B064B-E1AB-FB89-A23F-F3AA7D6E8B91}.Release|Any CPU.ActiveCfg = Release|Any CPU
		{2A1B064B-E1AB-FB89-A23F-F3AA7D6E8B91}.Release|Any CPU.Build.0 = Release|Any CPU
		{2549E152-9E9C-EFA9-8C43-A94D19B1E837}.Debug|Any CPU.ActiveCfg = Debug|Any CPU
		{2549E152-9E9C-EFA9-8C43-A94D19B1E837}.Debug|Any CPU.Build.0 = Debug|Any CPU
		{2549E152-9E9C-EFA9-8C43-A94D19B1E837}.Release|Any CPU.ActiveCfg = Release|Any CPU
		{2549E152-9E9C-EFA9-8C43-A94D19B1E837}.Release|Any CPU.Build.0 = Release|Any CPU
		{3055F5AB-39F2-BA56-12F8-C9476D55B37F}.Debug|Any CPU.ActiveCfg = Debug|Any CPU
		{3055F5AB-39F2-BA56-12F8-C9476D55B37F}.Debug|Any CPU.Build.0 = Debug|Any CPU
		{3055F5AB-39F2-BA56-12F8-C9476D55B37F}.Release|Any CPU.ActiveCfg = Release|Any CPU
		{3055F5AB-39F2-BA56-12F8-C9476D55B37F}.Release|Any CPU.Build.0 = Release|Any CPU
		{6628F0D6-BC83-6027-04B6-7FB96122CFE5}.Debug|Any CPU.ActiveCfg = Debug|Any CPU
		{6628F0D6-BC83-6027-04B6-7FB96122CFE5}.Debug|Any CPU.Build.0 = Debug|Any CPU
		{6628F0D6-BC83-6027-04B6-7FB96122CFE5}.Release|Any CPU.ActiveCfg = Release|Any CPU
		{6628F0D6-BC83-6027-04B6-7FB96122CFE5}.Release|Any CPU.Build.0 = Release|Any CPU
		{0CA3F2A5-1627-9D0E-03BC-16B0FE9BE7DD}.Debug|Any CPU.ActiveCfg = Debug|Any CPU
		{0CA3F2A5-1627-9D0E-03BC-16B0FE9BE7DD}.Debug|Any CPU.Build.0 = Debug|Any CPU
		{0CA3F2A5-1627-9D0E-03BC-16B0FE9BE7DD}.Release|Any CPU.ActiveCfg = Release|Any CPU
		{0CA3F2A5-1627-9D0E-03BC-16B0FE9BE7DD}.Release|Any CPU.Build.0 = Release|Any CPU
		{7E86A767-6E7A-A59A-8AF8-3085FDD442C4}.Debug|Any CPU.ActiveCfg = Debug|Any CPU
		{7E86A767-6E7A-A59A-8AF8-3085FDD442C4}.Debug|Any CPU.Build.0 = Debug|Any CPU
		{7E86A767-6E7A-A59A-8AF8-3085FDD442C4}.Release|Any CPU.ActiveCfg = Release|Any CPU
		{7E86A767-6E7A-A59A-8AF8-3085FDD442C4}.Release|Any CPU.Build.0 = Release|Any CPU
		{5AD6B6CE-1E77-3E3C-05B7-127186A77B26}.Debug|Any CPU.ActiveCfg = Debug|Any CPU
		{5AD6B6CE-1E77-3E3C-05B7-127186A77B26}.Debug|Any CPU.Build.0 = Debug|Any CPU
		{5AD6B6CE-1E77-3E3C-05B7-127186A77B26}.Release|Any CPU.ActiveCfg = Release|Any CPU
		{5AD6B6CE-1E77-3E3C-05B7-127186A77B26}.Release|Any CPU.Build.0 = Release|Any CPU
		{83431798-E8DD-A8F2-4BA5-1362EB20A3C4}.Debug|Any CPU.ActiveCfg = Debug|Any CPU
		{83431798-E8DD-A8F2-4BA5-1362EB20A3C4}.Debug|Any CPU.Build.0 = Debug|Any CPU
		{83431798-E8DD-A8F2-4BA5-1362EB20A3C4}.Release|Any CPU.ActiveCfg = Release|Any CPU
		{83431798-E8DD-A8F2-4BA5-1362EB20A3C4}.Release|Any CPU.Build.0 = Release|Any CPU
		{46ADE4B7-7D5F-CBC3-FA1C-0822F89CE6B7}.Debug|Any CPU.ActiveCfg = Debug|Any CPU
		{46ADE4B7-7D5F-CBC3-FA1C-0822F89CE6B7}.Debug|Any CPU.Build.0 = Debug|Any CPU
		{46ADE4B7-7D5F-CBC3-FA1C-0822F89CE6B7}.Release|Any CPU.ActiveCfg = Release|Any CPU
		{46ADE4B7-7D5F-CBC3-FA1C-0822F89CE6B7}.Release|Any CPU.Build.0 = Release|Any CPU
		{C5F330EC-D83F-894E-6DF0-A784E836ACE9}.Debug|Any CPU.ActiveCfg = Debug|Any CPU
		{C5F330EC-D83F-894E-6DF0-A784E836ACE9}.Debug|Any CPU.Build.0 = Debug|Any CPU
		{C5F330EC-D83F-894E-6DF0-A784E836ACE9}.Release|Any CPU.ActiveCfg = Release|Any CPU
		{C5F330EC-D83F-894E-6DF0-A784E836ACE9}.Release|Any CPU.Build.0 = Release|Any CPU
		{1FD25564-EC78-79B3-0D91-533FA3D0A076}.Debug|Any CPU.ActiveCfg = Debug|Any CPU
		{1FD25564-EC78-79B3-0D91-533FA3D0A076}.Debug|Any CPU.Build.0 = Debug|Any CPU
		{1FD25564-EC78-79B3-0D91-533FA3D0A076}.Release|Any CPU.ActiveCfg = Release|Any CPU
		{1FD25564-EC78-79B3-0D91-533FA3D0A076}.Release|Any CPU.Build.0 = Release|Any CPU
		{8294018C-FFC9-76F8-4E19-871101162430}.Debug|Any CPU.ActiveCfg = Debug|Any CPU
		{8294018C-FFC9-76F8-4E19-871101162430}.Debug|Any CPU.Build.0 = Debug|Any CPU
		{8294018C-FFC9-76F8-4E19-871101162430}.Release|Any CPU.ActiveCfg = Release|Any CPU
		{8294018C-FFC9-76F8-4E19-871101162430}.Release|Any CPU.Build.0 = Release|Any CPU
		{BB0F0E9B-53A0-8C90-D2DE-EFC2B98020B4}.Debug|Any CPU.ActiveCfg = Debug|Any CPU
		{BB0F0E9B-53A0-8C90-D2DE-EFC2B98020B4}.Debug|Any CPU.Build.0 = Debug|Any CPU
		{BB0F0E9B-53A0-8C90-D2DE-EFC2B98020B4}.Release|Any CPU.ActiveCfg = Release|Any CPU
		{BB0F0E9B-53A0-8C90-D2DE-EFC2B98020B4}.Release|Any CPU.Build.0 = Release|Any CPU
	EndGlobalSection
	GlobalSection(SolutionProperties) = preSolution
		HideSolutionNode = FALSE
	EndGlobalSection
EndGlobal
