
Microsoft Visual Studio Solution File, Format Version 12.00
# Visual Studio 15
Project("{FAE04EC0-301F-11D3-BF4B-00C04F79EFBC}") = "VRC.ClientSim", "VRC.ClientSim.csproj", "{73FC5CD8-8648-1979-D0CA-1EA6852FF916}"
EndProject
Project("{FAE04EC0-301F-11D3-BF4B-00C04F79EFBC}") = "lilToon.Editor.External", "lilToon.Editor.External.csproj", "{B3D015C3-33FF-8B7E-998C-ACF859BB410E}"
EndProject
Project("{FAE04EC0-301F-11D3-BF4B-00C04F79EFBC}") = "Unity.ShaderGraph.Editor", "Unity.ShaderGraph.Editor.csproj", "{03840E35-D9CC-9C2F-DCFE-873534919EE7}"
EndProject
Project("{FAE04EC0-301F-11D3-BF4B-00C04F79EFBC}") = "Assembly-CSharp", "Assembly-CSharp.csproj", "{61B3175F-BAAA-E222-3F9E-5C27BA073D1E}"
EndProject
Project("{FAE04EC0-301F-11D3-BF4B-00C04F79EFBC}") = "VRC.Udon.Serialization.OdinSerializer", "VRC.Udon.Serialization.OdinSerializer.csproj", "{1A3BD401-4346-6909-3728-DAA5BA74A78A}"
EndProject
Project("{FAE04EC0-301F-11D3-BF4B-00C04F79EFBC}") = "Gatosyocora.MeshDeleterWithTexture.Editor", "Gatosyocora.MeshDeleterWithTexture.Editor.csproj", "{5254E8D4-A1A5-650B-E499-5EBFEE4A3F6F}"
EndProject
Project("{FAE04EC0-301F-11D3-BF4B-00C04F79EFBC}") = "BakeryEditorAssembly", "BakeryEditorAssembly.csproj", "{0CE89A1F-F6FC-7913-0DE2-3C1A55755762}"
EndProject
Project("{FAE04EC0-301F-11D3-BF4B-00C04F79EFBC}") = "UdonSharp.Editor", "UdonSharp.Editor.csproj", "{1C9193D0-1590-3DAF-87E6-48040ACA08DC}"
EndProject
Project("{FAE04EC0-301F-11D3-BF4B-00C04F79EFBC}") = "ThryAssemblyDefinition", "ThryAssemblyDefinition.csproj", "{AFB0AE8C-D271-CF17-ECEC-CC84A375DEED}"
EndProject
Project("{FAE04EC0-301F-11D3-BF4B-00C04F79EFBC}") = "VRC.Udon.Editor", "VRC.Udon.Editor.csproj", "{2CC5FA05-11CF-DAAE-B443-96A62B3A8A05}"
EndProject
Project("{FAE04EC0-301F-11D3-BF4B-00C04F79EFBC}") = "VRC.SDKBase.Editor", "VRC.SDKBase.Editor.csproj", "{7CAC5FCA-AC81-BCEC-925E-7811BB531304}"
EndProject
Project("{FAE04EC0-301F-11D3-BF4B-00C04F79EFBC}") = "com.z3y.shaders", "com.z3y.shaders.csproj", "{3ACEC486-13C7-ADE7-90B6-1AE9B55111F8}"
EndProject
Project("{FAE04EC0-301F-11D3-BF4B-00C04F79EFBC}") = "VRC.Udon", "VRC.Udon.csproj", "{7AE22341-2B7A-CA04-712B-1F90EF581A38}"
EndProject
Project("{FAE04EC0-301F-11D3-BF4B-00C04F79EFBC}") = "UniTask", "UniTask.csproj", "{4CC8C19F-D6AD-30D3-46F5-07C83640E245}"
EndProject
Project("{FAE04EC0-301F-11D3-BF4B-00C04F79EFBC}") = "UniTask.Linq", "UniTask.Linq.csproj", "{17F5DE0E-535C-FD1C-DB91-892F45A3B403}"
EndProject
Project("{FAE04EC0-301F-11D3-BF4B-00C04F79EFBC}") = "JLChnToZ.VVMW.Editor", "JLChnToZ.VVMW.Editor.csproj", "{E6D6B2DA-0DC9-1716-0DAE-0E832B2378A4}"
EndProject
Project("{FAE04EC0-301F-11D3-BF4B-00C04F79EFBC}") = "Assembly-CSharp-Editor", "Assembly-CSharp-Editor.csproj", "{BFB5BF79-9931-531D-2E7B-4495BE9BBC87}"
EndProject
Project("{FAE04EC0-301F-11D3-BF4B-00C04F79EFBC}") = "VRC.SDKBase", "VRC.SDKBase.csproj", "{7CEEE871-FFE5-29A2-53FC-01C268D8AD64}"
EndProject
Project("{FAE04EC0-301F-11D3-BF4B-00C04F79EFBC}") = "JLChnToZ.VRC.Foundation", "JLChnToZ.VRC.Foundation.csproj", "{A74F1ACB-033F-0BF6-49B2-80DDA6EC8579}"
EndProject
Project("{FAE04EC0-301F-11D3-BF4B-00C04F79EFBC}") = "VRC.ClientSim.Editor", "VRC.ClientSim.Editor.csproj", "{69061093-FD81-0DB1-A5A8-CBC83282BEDF}"
EndProject
Project("{FAE04EC0-301F-11D3-BF4B-00C04F79EFBC}") = "VRC.SDK3", "VRC.SDK3.csproj", "{AEA7CB68-D237-F05D-351C-7F689F192AD6}"
EndProject
Project("{FAE04EC0-301F-11D3-BF4B-00C04F79EFBC}") = "VRC.SDK3.Editor", "VRC.SDK3.Editor.csproj", "{AA370721-E658-CDD1-C171-52E69989E743}"
EndProject
Project("{FAE04EC0-301F-11D3-BF4B-00C04F79EFBC}") = "UniTask.DOTween", "UniTask.DOTween.csproj", "{499CC986-1277-1CDF-5A22-09D3FBE270A2}"
EndProject
Project("{FAE04EC0-301F-11D3-BF4B-00C04F79EFBC}") = "QvPen", "QvPen.csproj", "{7350E61B-A463-1D95-0D23-8A4258A6E257}"
EndProject
Project("{FAE04EC0-301F-11D3-BF4B-00C04F79EFBC}") = "JLChnToZ.VVMW", "JLChnToZ.VVMW.csproj", "{89A3F62B-1D39-3430-74A6-E02CA6A71372}"
EndProject
Project("{FAE04EC0-301F-11D3-BF4B-00C04F79EFBC}") = "Poiyomi.ModularShaderSystem", "Poiyomi.ModularShaderSystem.csproj", "{41386B6B-2244-653D-DFCB-855BF70F10A0}"
EndProject
Project("{FAE04EC0-301F-11D3-BF4B-00C04F79EFBC}") = "JLChnToZ.VRC.Foundation.Editor", "JLChnToZ.VRC.Foundation.Editor.csproj", "{4B519C25-097C-B71F-AAF2-594E0DB8940D}"
EndProject
Project("{FAE04EC0-301F-11D3-BF4B-00C04F79EFBC}") = "Poi.Tools", "Poi.Tools.csproj", "{5DEA9290-ACFF-E658-8A3B-48D926989779}"
EndProject
Project("{FAE04EC0-301F-11D3-BF4B-00C04F79EFBC}") = "UnityEditorTests", "UnityEditorTests.csproj", "{BAD81085-C642-CB60-9042-2012B430F2BC}"
EndProject
Project("{FAE04EC0-301F-11D3-BF4B-00C04F79EFBC}") = "AudioLink", "AudioLink.csproj", "{77039D0B-6FCB-58C4-D55D-83187298273E}"
EndProject
Project("{FAE04EC0-301F-11D3-BF4B-00C04F79EFBC}") = "AudioLink.Editor", "AudioLink.Editor.csproj", "{0B70C066-1E07-C0A4-BB16-23268B649518}"
EndProject
Project("{FAE04EC0-301F-11D3-BF4B-00C04F79EFBC}") = "VRWorldToolkit.Editor", "VRWorldToolkit.Editor.csproj", "{9BB99A47-74E6-5E80-55FC-4FF9DE8A1B20}"
EndProject
Project("{FAE04EC0-301F-11D3-BF4B-00C04F79EFBC}") = "VRC.ExampleCentral.Editor", "VRC.ExampleCentral.Editor.csproj", "{482E5B65-84F5-2AA6-C9EC-2BA808FBA0D9}"
EndProject
Project("{FAE04EC0-301F-11D3-BF4B-00C04F79EFBC}") = "BakeryRuntimeAssembly", "BakeryRuntimeAssembly.csproj", "{4C32FDC4-05A6-CB51-8999-7B259E5F3653}"
EndProject
Project("{FAE04EC0-301F-11D3-BF4B-00C04F79EFBC}") = "lilToon.Editor", "lilToon.Editor.csproj", "{C84AA7A9-A377-6352-6503-DB9F31B1830B}"
EndProject
Project("{FAE04EC0-301F-11D3-BF4B-00C04F79EFBC}") = "com.vrchat.core.vpm-resolver.Editor", "com.vrchat.core.vpm-resolver.Editor.csproj", "{72959D03-D522-AB3D-58C0-11815841BA85}"
EndProject
Project("{FAE04EC0-301F-11D3-BF4B-00C04F79EFBC}") = "VRC.SDKBase.Editor.ShaderStripping", "VRC.SDKBase.Editor.ShaderStripping.csproj", "{C17EDB31-B7C7-CC6F-CD0B-3AF17A9A17D6}"
EndProject
Project("{FAE04EC0-301F-11D3-BF4B-00C04F79EFBC}") = "AVProVideo.Runtime", "AVProVideo.Runtime.csproj", "{B40B070D-5704-BE8C-58AC-51231C156AC1}"
EndProject
Project("{FAE04EC0-301F-11D3-BF4B-00C04F79EFBC}") = "ThryExternal", "ThryExternal.csproj", "{CF62045A-93E5-7D14-4B37-23628A488F93}"
EndProject
Project("{FAE04EC0-301F-11D3-BF4B-00C04F79EFBC}") = "UdonSharp.Runtime", "UdonSharp.Runtime.csproj", "{FB79F524-2C28-AED8-5280-96FD7FD69F1E}"
EndProject
Project("{FAE04EC0-301F-11D3-BF4B-00C04F79EFBC}") = "UniTask.Editor", "UniTask.Editor.csproj", "{FE9C658E-475E-49C3-A068-6BB026260A3A}"
EndProject
Project("{FAE04EC0-301F-11D3-BF4B-00C04F79EFBC}") = "Gatosyocora.MeshDeleterWithTexture.Editor.Tests", "Gatosyocora.MeshDeleterWithTexture.Editor.Tests.csproj", "{A057955E-2726-DEB9-D99E-BDF73879895F}"
EndProject
Project("{FAE04EC0-301F-11D3-BF4B-00C04F79EFBC}") = "UdonSharp.Lib", "UdonSharp.Lib.csproj", "{38FE2C06-C496-CAF6-BF33-166334F2F1DA}"
EndProject
Project("{FAE04EC0-301F-11D3-BF4B-00C04F79EFBC}") = "BakeryECS", "BakeryECS.csproj", "{4209F7FD-72D5-6D2A-4CD9-64A9BD6261F3}"
EndProject
Project("{FAE04EC0-301F-11D3-BF4B-00C04F79EFBC}") = "VRC.SDKBase.Editor.BuildPipeline", "VRC.SDKBase.Editor.BuildPipeline.csproj", "{9AF290F6-C905-0414-5AE3-7F8DE16AEA7E}"
EndProject
Project("{FAE04EC0-301F-11D3-BF4B-00C04F79EFBC}") = "BakeryAPV", "BakeryAPV.csproj", "{E1F2595B-8FB6-3178-1D9B-CF2ACC608681}"
EndProject
Project("{FAE04EC0-301F-11D3-BF4B-00C04F79EFBC}") = "UniTask.Addressables", "UniTask.Addressables.csproj", "{92837C11-14A7-6B60-B9BD-7DCD2665CE33}"
EndProject
Project("{FAE04EC0-301F-11D3-BF4B-00C04F79EFBC}") = "Runtime", "Runtime.csproj", "{BFEC969A-3B98-8B8F-0E9C-E262FAB2194D}"
EndProject
Project("{FAE04EC0-301F-11D3-BF4B-00C04F79EFBC}") = "UniTask.TextMeshPro", "UniTask.TextMeshPro.csproj", "{8BA9DFFA-0AA1-664E-3E16-2A6E34E02682}"
EndProject
Global
	GlobalSection(SolutionConfigurationPlatforms) = preSolution
		Debug|Any CPU = Debug|Any CPU
		Release|Any CPU = Release|Any CPU
	EndGlobalSection
	GlobalSection(ProjectConfigurationPlatforms) = postSolution
		{73FC5CD8-8648-1979-D0CA-1EA6852FF916}.Debug|Any CPU.ActiveCfg = Debug|Any CPU
		{73FC5CD8-8648-1979-D0CA-1EA6852FF916}.Debug|Any CPU.Build.0 = Debug|Any CPU
		{73FC5CD8-8648-1979-D0CA-1EA6852FF916}.Release|Any CPU.ActiveCfg = Release|Any CPU
		{73FC5CD8-8648-1979-D0CA-1EA6852FF916}.Release|Any CPU.Build.0 = Release|Any CPU
		{B3D015C3-33FF-8B7E-998C-ACF859BB410E}.Debug|Any CPU.ActiveCfg = Debug|Any CPU
		{B3D015C3-33FF-8B7E-998C-ACF859BB410E}.Debug|Any CPU.Build.0 = Debug|Any CPU
		{B3D015C3-33FF-8B7E-998C-ACF859BB410E}.Release|Any CPU.ActiveCfg = Release|Any CPU
		{B3D015C3-33FF-8B7E-998C-ACF859BB410E}.Release|Any CPU.Build.0 = Release|Any CPU
		{03840E35-D9CC-9C2F-DCFE-873534919EE7}.Debug|Any CPU.ActiveCfg = Debug|Any CPU
		{03840E35-D9CC-9C2F-DCFE-873534919EE7}.Debug|Any CPU.Build.0 = Debug|Any CPU
		{03840E35-D9CC-9C2F-DCFE-873534919EE7}.Release|Any CPU.ActiveCfg = Release|Any CPU
		{03840E35-D9CC-9C2F-DCFE-873534919EE7}.Release|Any CPU.Build.0 = Release|Any CPU
		{61B3175F-BAAA-E222-3F9E-5C27BA073D1E}.Debug|Any CPU.ActiveCfg = Debug|Any CPU
		{61B3175F-BAAA-E222-3F9E-5C27BA073D1E}.Debug|Any CPU.Build.0 = Debug|Any CPU
		{61B3175F-BAAA-E222-3F9E-5C27BA073D1E}.Release|Any CPU.ActiveCfg = Release|Any CPU
		{61B3175F-BAAA-E222-3F9E-5C27BA073D1E}.Release|Any CPU.Build.0 = Release|Any CPU
		{1A3BD401-4346-6909-3728-DAA5BA74A78A}.Debug|Any CPU.ActiveCfg = Debug|Any CPU
		{1A3BD401-4346-6909-3728-DAA5BA74A78A}.Debug|Any CPU.Build.0 = Debug|Any CPU
		{1A3BD401-4346-6909-3728-DAA5BA74A78A}.Release|Any CPU.ActiveCfg = Release|Any CPU
		{1A3BD401-4346-6909-3728-DAA5BA74A78A}.Release|Any CPU.Build.0 = Release|Any CPU
		{5254E8D4-A1A5-650B-E499-5EBFEE4A3F6F}.Debug|Any CPU.ActiveCfg = Debug|Any CPU
		{5254E8D4-A1A5-650B-E499-5EBFEE4A3F6F}.Debug|Any CPU.Build.0 = Debug|Any CPU
		{5254E8D4-A1A5-650B-E499-5EBFEE4A3F6F}.Release|Any CPU.ActiveCfg = Release|Any CPU
		{5254E8D4-A1A5-650B-E499-5EBFEE4A3F6F}.Release|Any CPU.Build.0 = Release|Any CPU
		{0CE89A1F-F6FC-7913-0DE2-3C1A55755762}.Debug|Any CPU.ActiveCfg = Debug|Any CPU
		{0CE89A1F-F6FC-7913-0DE2-3C1A55755762}.Debug|Any CPU.Build.0 = Debug|Any CPU
		{0CE89A1F-F6FC-7913-0DE2-3C1A55755762}.Release|Any CPU.ActiveCfg = Release|Any CPU
		{0CE89A1F-F6FC-7913-0DE2-3C1A55755762}.Release|Any CPU.Build.0 = Release|Any CPU
		{1C9193D0-1590-3DAF-87E6-48040ACA08DC}.Debug|Any CPU.ActiveCfg = Debug|Any CPU
		{1C9193D0-1590-3DAF-87E6-48040ACA08DC}.Debug|Any CPU.Build.0 = Debug|Any CPU
		{1C9193D0-1590-3DAF-87E6-48040ACA08DC}.Release|Any CPU.ActiveCfg = Release|Any CPU
		{1C9193D0-1590-3DAF-87E6-48040ACA08DC}.Release|Any CPU.Build.0 = Release|Any CPU
		{AFB0AE8C-D271-CF17-ECEC-CC84A375DEED}.Debug|Any CPU.ActiveCfg = Debug|Any CPU
		{AFB0AE8C-D271-CF17-ECEC-CC84A375DEED}.Debug|Any CPU.Build.0 = Debug|Any CPU
		{AFB0AE8C-D271-CF17-ECEC-CC84A375DEED}.Release|Any CPU.ActiveCfg = Release|Any CPU
		{AFB0AE8C-D271-CF17-ECEC-CC84A375DEED}.Release|Any CPU.Build.0 = Release|Any CPU
		{2CC5FA05-11CF-DAAE-B443-96A62B3A8A05}.Debug|Any CPU.ActiveCfg = Debug|Any CPU
		{2CC5FA05-11CF-DAAE-B443-96A62B3A8A05}.Debug|Any CPU.Build.0 = Debug|Any CPU
		{2CC5FA05-11CF-DAAE-B443-96A62B3A8A05}.Release|Any CPU.ActiveCfg = Release|Any CPU
		{2CC5FA05-11CF-DAAE-B443-96A62B3A8A05}.Release|Any CPU.Build.0 = Release|Any CPU
		{7CAC5FCA-AC81-BCEC-925E-7811BB531304}.Debug|Any CPU.ActiveCfg = Debug|Any CPU
		{7CAC5FCA-AC81-BCEC-925E-7811BB531304}.Debug|Any CPU.Build.0 = Debug|Any CPU
		{7CAC5FCA-AC81-BCEC-925E-7811BB531304}.Release|Any CPU.ActiveCfg = Release|Any CPU
		{7CAC5FCA-AC81-BCEC-925E-7811BB531304}.Release|Any CPU.Build.0 = Release|Any CPU
		{3ACEC486-13C7-ADE7-90B6-1AE9B55111F8}.Debug|Any CPU.ActiveCfg = Debug|Any CPU
		{3ACEC486-13C7-ADE7-90B6-1AE9B55111F8}.Debug|Any CPU.Build.0 = Debug|Any CPU
		{3ACEC486-13C7-ADE7-90B6-1AE9B55111F8}.Release|Any CPU.ActiveCfg = Release|Any CPU
		{3ACEC486-13C7-ADE7-90B6-1AE9B55111F8}.Release|Any CPU.Build.0 = Release|Any CPU
		{7AE22341-2B7A-CA04-712B-1F90EF581A38}.Debug|Any CPU.ActiveCfg = Debug|Any CPU
		{7AE22341-2B7A-CA04-712B-1F90EF581A38}.Debug|Any CPU.Build.0 = Debug|Any CPU
		{7AE22341-2B7A-CA04-712B-1F90EF581A38}.Release|Any CPU.ActiveCfg = Release|Any CPU
		{7AE22341-2B7A-CA04-712B-1F90EF581A38}.Release|Any CPU.Build.0 = Release|Any CPU
		{4CC8C19F-D6AD-30D3-46F5-07C83640E245}.Debug|Any CPU.ActiveCfg = Debug|Any CPU
		{4CC8C19F-D6AD-30D3-46F5-07C83640E245}.Debug|Any CPU.Build.0 = Debug|Any CPU
		{4CC8C19F-D6AD-30D3-46F5-07C83640E245}.Release|Any CPU.ActiveCfg = Release|Any CPU
		{4CC8C19F-D6AD-30D3-46F5-07C83640E245}.Release|Any CPU.Build.0 = Release|Any CPU
		{17F5DE0E-535C-FD1C-DB91-892F45A3B403}.Debug|Any CPU.ActiveCfg = Debug|Any CPU
		{17F5DE0E-535C-FD1C-DB91-892F45A3B403}.Debug|Any CPU.Build.0 = Debug|Any CPU
		{17F5DE0E-535C-FD1C-DB91-892F45A3B403}.Release|Any CPU.ActiveCfg = Release|Any CPU
		{17F5DE0E-535C-FD1C-DB91-892F45A3B403}.Release|Any CPU.Build.0 = Release|Any CPU
		{E6D6B2DA-0DC9-1716-0DAE-0E832B2378A4}.Debug|Any CPU.ActiveCfg = Debug|Any CPU
		{E6D6B2DA-0DC9-1716-0DAE-0E832B2378A4}.Debug|Any CPU.Build.0 = Debug|Any CPU
		{E6D6B2DA-0DC9-1716-0DAE-0E832B2378A4}.Release|Any CPU.ActiveCfg = Release|Any CPU
		{E6D6B2DA-0DC9-1716-0DAE-0E832B2378A4}.Release|Any CPU.Build.0 = Release|Any CPU
		{BFB5BF79-9931-531D-2E7B-4495BE9BBC87}.Debug|Any CPU.ActiveCfg = Debug|Any CPU
		{BFB5BF79-9931-531D-2E7B-4495BE9BBC87}.Debug|Any CPU.Build.0 = Debug|Any CPU
		{BFB5BF79-9931-531D-2E7B-4495BE9BBC87}.Release|Any CPU.ActiveCfg = Release|Any CPU
		{BFB5BF79-9931-531D-2E7B-4495BE9BBC87}.Release|Any CPU.Build.0 = Release|Any CPU
		{7CEEE871-FFE5-29A2-53FC-01C268D8AD64}.Debug|Any CPU.ActiveCfg = Debug|Any CPU
		{7CEEE871-FFE5-29A2-53FC-01C268D8AD64}.Debug|Any CPU.Build.0 = Debug|Any CPU
		{7CEEE871-FFE5-29A2-53FC-01C268D8AD64}.Release|Any CPU.ActiveCfg = Release|Any CPU
		{7CEEE871-FFE5-29A2-53FC-01C268D8AD64}.Release|Any CPU.Build.0 = Release|Any CPU
		{A74F1ACB-033F-0BF6-49B2-80DDA6EC8579}.Debug|Any CPU.ActiveCfg = Debug|Any CPU
		{A74F1ACB-033F-0BF6-49B2-80DDA6EC8579}.Debug|Any CPU.Build.0 = Debug|Any CPU
		{A74F1ACB-033F-0BF6-49B2-80DDA6EC8579}.Release|Any CPU.ActiveCfg = Release|Any CPU
		{A74F1ACB-033F-0BF6-49B2-80DDA6EC8579}.Release|Any CPU.Build.0 = Release|Any CPU
		{69061093-FD81-0DB1-A5A8-CBC83282BEDF}.Debug|Any CPU.ActiveCfg = Debug|Any CPU
		{69061093-FD81-0DB1-A5A8-CBC83282BEDF}.Debug|Any CPU.Build.0 = Debug|Any CPU
		{69061093-FD81-0DB1-A5A8-CBC83282BEDF}.Release|Any CPU.ActiveCfg = Release|Any CPU
		{69061093-FD81-0DB1-A5A8-CBC83282BEDF}.Release|Any CPU.Build.0 = Release|Any CPU
		{AEA7CB68-D237-F05D-351C-7F689F192AD6}.Debug|Any CPU.ActiveCfg = Debug|Any CPU
		{AEA7CB68-D237-F05D-351C-7F689F192AD6}.Debug|Any CPU.Build.0 = Debug|Any CPU
		{AEA7CB68-D237-F05D-351C-7F689F192AD6}.Release|Any CPU.ActiveCfg = Release|Any CPU
		{AEA7CB68-D237-F05D-351C-7F689F192AD6}.Release|Any CPU.Build.0 = Release|Any CPU
		{AA370721-E658-CDD1-C171-52E69989E743}.Debug|Any CPU.ActiveCfg = Debug|Any CPU
		{AA370721-E658-CDD1-C171-52E69989E743}.Debug|Any CPU.Build.0 = Debug|Any CPU
		{AA370721-E658-CDD1-C171-52E69989E743}.Release|Any CPU.ActiveCfg = Release|Any CPU
		{AA370721-E658-CDD1-C171-52E69989E743}.Release|Any CPU.Build.0 = Release|Any CPU
		{499CC986-1277-1CDF-5A22-09D3FBE270A2}.Debug|Any CPU.ActiveCfg = Debug|Any CPU
		{499CC986-1277-1CDF-5A22-09D3FBE270A2}.Debug|Any CPU.Build.0 = Debug|Any CPU
		{499CC986-1277-1CDF-5A22-09D3FBE270A2}.Release|Any CPU.ActiveCfg = Release|Any CPU
		{499CC986-1277-1CDF-5A22-09D3FBE270A2}.Release|Any CPU.Build.0 = Release|Any CPU
		{7350E61B-A463-1D95-0D23-8A4258A6E257}.Debug|Any CPU.ActiveCfg = Debug|Any CPU
		{7350E61B-A463-1D95-0D23-8A4258A6E257}.Debug|Any CPU.Build.0 = Debug|Any CPU
		{7350E61B-A463-1D95-0D23-8A4258A6E257}.Release|Any CPU.ActiveCfg = Release|Any CPU
		{7350E61B-A463-1D95-0D23-8A4258A6E257}.Release|Any CPU.Build.0 = Release|Any CPU
		{89A3F62B-1D39-3430-74A6-E02CA6A71372}.Debug|Any CPU.ActiveCfg = Debug|Any CPU
		{89A3F62B-1D39-3430-74A6-E02CA6A71372}.Debug|Any CPU.Build.0 = Debug|Any CPU
		{89A3F62B-1D39-3430-74A6-E02CA6A71372}.Release|Any CPU.ActiveCfg = Release|Any CPU
		{89A3F62B-1D39-3430-74A6-E02CA6A71372}.Release|Any CPU.Build.0 = Release|Any CPU
		{41386B6B-2244-653D-DFCB-855BF70F10A0}.Debug|Any CPU.ActiveCfg = Debug|Any CPU
		{41386B6B-2244-653D-DFCB-855BF70F10A0}.Debug|Any CPU.Build.0 = Debug|Any CPU
		{41386B6B-2244-653D-DFCB-855BF70F10A0}.Release|Any CPU.ActiveCfg = Release|Any CPU
		{41386B6B-2244-653D-DFCB-855BF70F10A0}.Release|Any CPU.Build.0 = Release|Any CPU
		{4B519C25-097C-B71F-AAF2-594E0DB8940D}.Debug|Any CPU.ActiveCfg = Debug|Any CPU
		{4B519C25-097C-B71F-AAF2-594E0DB8940D}.Debug|Any CPU.Build.0 = Debug|Any CPU
		{4B519C25-097C-B71F-AAF2-594E0DB8940D}.Release|Any CPU.ActiveCfg = Release|Any CPU
		{4B519C25-097C-B71F-AAF2-594E0DB8940D}.Release|Any CPU.Build.0 = Release|Any CPU
		{5DEA9290-ACFF-E658-8A3B-48D926989779}.Debug|Any CPU.ActiveCfg = Debug|Any CPU
		{5DEA9290-ACFF-E658-8A3B-48D926989779}.Debug|Any CPU.Build.0 = Debug|Any CPU
		{5DEA9290-ACFF-E658-8A3B-48D926989779}.Release|Any CPU.ActiveCfg = Release|Any CPU
		{5DEA9290-ACFF-E658-8A3B-48D926989779}.Release|Any CPU.Build.0 = Release|Any CPU
		{BAD81085-C642-CB60-9042-2012B430F2BC}.Debug|Any CPU.ActiveCfg = Debug|Any CPU
		{BAD81085-C642-CB60-9042-2012B430F2BC}.Debug|Any CPU.Build.0 = Debug|Any CPU
		{BAD81085-C642-CB60-9042-2012B430F2BC}.Release|Any CPU.ActiveCfg = Release|Any CPU
		{BAD81085-C642-CB60-9042-2012B430F2BC}.Release|Any CPU.Build.0 = Release|Any CPU
		{77039D0B-6FCB-58C4-D55D-83187298273E}.Debug|Any CPU.ActiveCfg = Debug|Any CPU
		{77039D0B-6FCB-58C4-D55D-83187298273E}.Debug|Any CPU.Build.0 = Debug|Any CPU
		{77039D0B-6FCB-58C4-D55D-83187298273E}.Release|Any CPU.ActiveCfg = Release|Any CPU
		{77039D0B-6FCB-58C4-D55D-83187298273E}.Release|Any CPU.Build.0 = Release|Any CPU
		{0B70C066-1E07-C0A4-BB16-23268B649518}.Debug|Any CPU.ActiveCfg = Debug|Any CPU
		{0B70C066-1E07-C0A4-BB16-23268B649518}.Debug|Any CPU.Build.0 = Debug|Any CPU
		{0B70C066-1E07-C0A4-BB16-23268B649518}.Release|Any CPU.ActiveCfg = Release|Any CPU
		{0B70C066-1E07-C0A4-BB16-23268B649518}.Release|Any CPU.Build.0 = Release|Any CPU
		{9BB99A47-74E6-5E80-55FC-4FF9DE8A1B20}.Debug|Any CPU.ActiveCfg = Debug|Any CPU
		{9BB99A47-74E6-5E80-55FC-4FF9DE8A1B20}.Debug|Any CPU.Build.0 = Debug|Any CPU
		{9BB99A47-74E6-5E80-55FC-4FF9DE8A1B20}.Release|Any CPU.ActiveCfg = Release|Any CPU
		{9BB99A47-74E6-5E80-55FC-4FF9DE8A1B20}.Release|Any CPU.Build.0 = Release|Any CPU
		{482E5B65-84F5-2AA6-C9EC-2BA808FBA0D9}.Debug|Any CPU.ActiveCfg = Debug|Any CPU
		{482E5B65-84F5-2AA6-C9EC-2BA808FBA0D9}.Debug|Any CPU.Build.0 = Debug|Any CPU
		{482E5B65-84F5-2AA6-C9EC-2BA808FBA0D9}.Release|Any CPU.ActiveCfg = Release|Any CPU
		{482E5B65-84F5-2AA6-C9EC-2BA808FBA0D9}.Release|Any CPU.Build.0 = Release|Any CPU
		{4C32FDC4-05A6-CB51-8999-7B259E5F3653}.Debug|Any CPU.ActiveCfg = Debug|Any CPU
		{4C32FDC4-05A6-CB51-8999-7B259E5F3653}.Debug|Any CPU.Build.0 = Debug|Any CPU
		{4C32FDC4-05A6-CB51-8999-7B259E5F3653}.Release|Any CPU.ActiveCfg = Release|Any CPU
		{4C32FDC4-05A6-CB51-8999-7B259E5F3653}.Release|Any CPU.Build.0 = Release|Any CPU
		{C84AA7A9-A377-6352-6503-DB9F31B1830B}.Debug|Any CPU.ActiveCfg = Debug|Any CPU
		{C84AA7A9-A377-6352-6503-DB9F31B1830B}.Debug|Any CPU.Build.0 = Debug|Any CPU
		{C84AA7A9-A377-6352-6503-DB9F31B1830B}.Release|Any CPU.ActiveCfg = Release|Any CPU
		{C84AA7A9-A377-6352-6503-DB9F31B1830B}.Release|Any CPU.Build.0 = Release|Any CPU
		{72959D03-D522-AB3D-58C0-11815841BA85}.Debug|Any CPU.ActiveCfg = Debug|Any CPU
		{72959D03-D522-AB3D-58C0-11815841BA85}.Debug|Any CPU.Build.0 = Debug|Any CPU
		{72959D03-D522-AB3D-58C0-11815841BA85}.Release|Any CPU.ActiveCfg = Release|Any CPU
		{72959D03-D522-AB3D-58C0-11815841BA85}.Release|Any CPU.Build.0 = Release|Any CPU
		{C17EDB31-B7C7-CC6F-CD0B-3AF17A9A17D6}.Debug|Any CPU.ActiveCfg = Debug|Any CPU
		{C17EDB31-B7C7-CC6F-CD0B-3AF17A9A17D6}.Debug|Any CPU.Build.0 = Debug|Any CPU
		{C17EDB31-B7C7-CC6F-CD0B-3AF17A9A17D6}.Release|Any CPU.ActiveCfg = Release|Any CPU
		{C17EDB31-B7C7-CC6F-CD0B-3AF17A9A17D6}.Release|Any CPU.Build.0 = Release|Any CPU
		{B40B070D-5704-BE8C-58AC-51231C156AC1}.Debug|Any CPU.ActiveCfg = Debug|Any CPU
		{B40B070D-5704-BE8C-58AC-51231C156AC1}.Debug|Any CPU.Build.0 = Debug|Any CPU
		{B40B070D-5704-BE8C-58AC-51231C156AC1}.Release|Any CPU.ActiveCfg = Release|Any CPU
		{B40B070D-5704-BE8C-58AC-51231C156AC1}.Release|Any CPU.Build.0 = Release|Any CPU
		{CF62045A-93E5-7D14-4B37-23628A488F93}.Debug|Any CPU.ActiveCfg = Debug|Any CPU
		{CF62045A-93E5-7D14-4B37-23628A488F93}.Debug|Any CPU.Build.0 = Debug|Any CPU
		{CF62045A-93E5-7D14-4B37-23628A488F93}.Release|Any CPU.ActiveCfg = Release|Any CPU
		{CF62045A-93E5-7D14-4B37-23628A488F93}.Release|Any CPU.Build.0 = Release|Any CPU
		{FB79F524-2C28-AED8-5280-96FD7FD69F1E}.Debug|Any CPU.ActiveCfg = Debug|Any CPU
		{FB79F524-2C28-AED8-5280-96FD7FD69F1E}.Debug|Any CPU.Build.0 = Debug|Any CPU
		{FB79F524-2C28-AED8-5280-96FD7FD69F1E}.Release|Any CPU.ActiveCfg = Release|Any CPU
		{FB79F524-2C28-AED8-5280-96FD7FD69F1E}.Release|Any CPU.Build.0 = Release|Any CPU
		{FE9C658E-475E-49C3-A068-6BB026260A3A}.Debug|Any CPU.ActiveCfg = Debug|Any CPU
		{FE9C658E-475E-49C3-A068-6BB026260A3A}.Debug|Any CPU.Build.0 = Debug|Any CPU
		{FE9C658E-475E-49C3-A068-6BB026260A3A}.Release|Any CPU.ActiveCfg = Release|Any CPU
		{FE9C658E-475E-49C3-A068-6BB026260A3A}.Release|Any CPU.Build.0 = Release|Any CPU
		{A057955E-2726-DEB9-D99E-BDF73879895F}.Debug|Any CPU.ActiveCfg = Debug|Any CPU
		{A057955E-2726-DEB9-D99E-BDF73879895F}.Debug|Any CPU.Build.0 = Debug|Any CPU
		{A057955E-2726-DEB9-D99E-BDF73879895F}.Release|Any CPU.ActiveCfg = Release|Any CPU
		{A057955E-2726-DEB9-D99E-BDF73879895F}.Release|Any CPU.Build.0 = Release|Any CPU
		{38FE2C06-C496-CAF6-BF33-166334F2F1DA}.Debug|Any CPU.ActiveCfg = Debug|Any CPU
		{38FE2C06-C496-CAF6-BF33-166334F2F1DA}.Debug|Any CPU.Build.0 = Debug|Any CPU
		{38FE2C06-C496-CAF6-BF33-166334F2F1DA}.Release|Any CPU.ActiveCfg = Release|Any CPU
		{38FE2C06-C496-CAF6-BF33-166334F2F1DA}.Release|Any CPU.Build.0 = Release|Any CPU
		{4209F7FD-72D5-6D2A-4CD9-64A9BD6261F3}.Debug|Any CPU.ActiveCfg = Debug|Any CPU
		{4209F7FD-72D5-6D2A-4CD9-64A9BD6261F3}.Debug|Any CPU.Build.0 = Debug|Any CPU
		{4209F7FD-72D5-6D2A-4CD9-64A9BD6261F3}.Release|Any CPU.ActiveCfg = Release|Any CPU
		{4209F7FD-72D5-6D2A-4CD9-64A9BD6261F3}.Release|Any CPU.Build.0 = Release|Any CPU
		{9AF290F6-C905-0414-5AE3-7F8DE16AEA7E}.Debug|Any CPU.ActiveCfg = Debug|Any CPU
		{9AF290F6-C905-0414-5AE3-7F8DE16AEA7E}.Debug|Any CPU.Build.0 = Debug|Any CPU
		{9AF290F6-C905-0414-5AE3-7F8DE16AEA7E}.Release|Any CPU.ActiveCfg = Release|Any CPU
		{9AF290F6-C905-0414-5AE3-7F8DE16AEA7E}.Release|Any CPU.Build.0 = Release|Any CPU
		{E1F2595B-8FB6-3178-1D9B-CF2ACC608681}.Debug|Any CPU.ActiveCfg = Debug|Any CPU
		{E1F2595B-8FB6-3178-1D9B-CF2ACC608681}.Debug|Any CPU.Build.0 = Debug|Any CPU
		{E1F2595B-8FB6-3178-1D9B-CF2ACC608681}.Release|Any CPU.ActiveCfg = Release|Any CPU
		{E1F2595B-8FB6-3178-1D9B-CF2ACC608681}.Release|Any CPU.Build.0 = Release|Any CPU
		{92837C11-14A7-6B60-B9BD-7DCD2665CE33}.Debug|Any CPU.ActiveCfg = Debug|Any CPU
		{92837C11-14A7-6B60-B9BD-7DCD2665CE33}.Debug|Any CPU.Build.0 = Debug|Any CPU
		{92837C11-14A7-6B60-B9BD-7DCD2665CE33}.Release|Any CPU.ActiveCfg = Release|Any CPU
		{92837C11-14A7-6B60-B9BD-7DCD2665CE33}.Release|Any CPU.Build.0 = Release|Any CPU
		{BFEC969A-3B98-8B8F-0E9C-E262FAB2194D}.Debug|Any CPU.ActiveCfg = Debug|Any CPU
		{BFEC969A-3B98-8B8F-0E9C-E262FAB2194D}.Debug|Any CPU.Build.0 = Debug|Any CPU
		{BFEC969A-3B98-8B8F-0E9C-E262FAB2194D}.Release|Any CPU.ActiveCfg = Release|Any CPU
		{BFEC969A-3B98-8B8F-0E9C-E262FAB2194D}.Release|Any CPU.Build.0 = Release|Any CPU
		{8BA9DFFA-0AA1-664E-3E16-2A6E34E02682}.Debug|Any CPU.ActiveCfg = Debug|Any CPU
		{8BA9DFFA-0AA1-664E-3E16-2A6E34E02682}.Debug|Any CPU.Build.0 = Debug|Any CPU
		{8BA9DFFA-0AA1-664E-3E16-2A6E34E02682}.Release|Any CPU.ActiveCfg = Release|Any CPU
		{8BA9DFFA-0AA1-664E-3E16-2A6E34E02682}.Release|Any CPU.Build.0 = Release|Any CPU
	EndGlobalSection
	GlobalSection(SolutionProperties) = preSolution
		HideSolutionNode = FALSE
	EndGlobalSection
EndGlobal
